{
  "awfVersion": "0.5.1",
  "schemaVersion": 5,
  "files": {
    ".claude/agents/adr-reviewer.md": {
      "templateId": "agents/adr-reviewer.md.tmpl",
      "templateHash": "sha256:77241d1272ae2733aaa2ff5e11671e108da3f085c3361456d39adbf03ff9e7dc",
      "configHash": "sha256:c205a1c9b334697592a0beaa203804f82730fda7da64b849b7e4b224689a9ba8",
      "outputHash": "sha256:423d7676c6fb0971425cabf76d71f039dd755101a651ce3c108dfcec15709b86"
    },
    ".claude/agents/code-reviewer.md": {
      "templateId": "agents/code-reviewer.md.tmpl",
      "templateHash": "sha256:67f02613ab8643fc6a6b8e2af688e31f161aa370fafd444515a0f738e8295fee",
      "configHash": "sha256:c49f1982ed2afa5a1fb12e0717d397c75e35f954c0d6354f55edd543c927d66d",
      "outputHash": "sha256:61e8ebf3214695d72a8ae89e541229f9ef4336b389788de6303ec07df4d7fb13"
    },
    ".claude/agents/plan-reviewer.md": {
      "templateId": "agents/plan-reviewer.md.tmpl",
      "templateHash": "sha256:0937cdc627e7e100c1cceba41e9f58c96bd23729b0decd48e4cc4d7af3964dcb",
      "configHash": "sha256:07e80e3f2fc69fcd7229bacdcffd3351447017f4c9cd0bf6761d2ad0b5541328",
      "outputHash": "sha256:abc242eaa068b36e97f0f4a20b12b9b8f26c219cc0f4891aaa83c3e9dbd3c393"
    },
    ".claude/skills/awf-adr-lifecycle/SKILL.md": {
      "templateId": "skills/adr-lifecycle/SKILL.md.tmpl",
      "templateHash": "sha256:c3bbd0e47e426119d9a9bcd2514a8b2fe76bffe7b3a553a17c068aeb25a07a08",
      "configHash": "sha256:300e3dc82ee2fc383851258783cb2a65bf4becc8892d30710e3a2288fdc5eedd",
      "outputHash": "sha256:d2439708bc6bb9e6cc9e08a4f0b1ad6b9de70f93106a85e375cb0b7175f26294"
    },
    ".claude/skills/awf-brainstorming/SKILL.md": {
      "templateId": "skills/brainstorming/SKILL.md.tmpl",
      "templateHash": "sha256:048c5a9354734ab506e626c4568b008ea004da209f646b6ffc12e0f1ae0ba953",
      "configHash": "sha256:8695aa7cc1ec86bcf5afb1516c1ffb6c0f363e84eaee9ceef7acb7d6cbde049c",
      "outputHash": "sha256:b7544165830bfe4817f0483c46383c589be708ee89a5cc5a3fc3ef9015920978"
    },
    ".claude/skills/awf-bugfix/SKILL.md": {
      "templateId": "skills/bugfix/SKILL.md.tmpl",
      "templateHash": "sha256:8ac4889dd9082856719fd7ab268ed7aef2a0c36f06e9f65a982085a7e9b8bcec",
      "configHash": "sha256:0198684a39eda0e574061ff6c4070b3746709b7481ed9a3c1a4094a75e48d7b4",
      "outputHash": "sha256:1e12d40679d9dc039d9fe0d870df012a0312d1f2aa43a2808ffdcfefe6533468"
    },
    ".claude/skills/awf-debugging/SKILL.md": {
      "templateId": "skills/debugging/SKILL.md.tmpl",
      "templateHash": "sha256:d163718437c2dfc963a7fbddf85b3557e94f3bfa5d94f6dd8f72fd33b02c5141",
      "configHash": "sha256:a4756d9a22665373fb80a27e8dd231cd122e6f4ef34df52eb5dcf6a731b8c929",
      "outputHash": "sha256:93f897d31017f7a91a0eaf83356263cc591058c26aeb2e993f42d4730979ce3c"
    },
    ".claude/skills/awf-executing-plans/SKILL.md": {
      "templateId": "skills/executing-plans/SKILL.md.tmpl",
      "templateHash": "sha256:b6ca2efeab363d72822f3ecf8b587eef6e0bd547b3f15463cca65f3ce668110e",
      "configHash": "sha256:a4c28a0d8f1de54bcd12ed20065a2b35c4e7545c7d060d98d5586e919e1221b0",
      "outputHash": "sha256:d23b7be94fa623e54c0893eda0f5429d8215d8814fed2163609350a71dc74c81"
    },
    ".claude/skills/awf-proposing-adr/SKILL.md": {
      "templateId": "skills/proposing-adr/SKILL.md.tmpl",
      "templateHash": "sha256:76381de708e5818055090bcb1b4eaaa5a975e242e028e97bdf1af35d097e7cf2",
      "configHash": "sha256:75f3d3a62cc7fc291594a93722f92900217eda5056afb18349a4f805d9da7850",
      "outputHash": "sha256:09c207fc3cf841818c0d09c99e7f201d722c1443fc82738f193ee9bcd440799f"
    },
    ".claude/skills/awf-refactor-coupling-audit/SKILL.md": {
      "templateId": "skills/refactor-coupling-audit/SKILL.md.tmpl",
      "templateHash": "sha256:a6ccfceed3d2b4b2fbf26499cb52d257835940ff4b754aa66c3f25bd405bf576",
      "configHash": "sha256:6a50f21afc0aa3d1e27ea73ad1263001edeb0aabf2a1acea44229801caf53bfc",
      "outputHash": "sha256:e58ba2f510b54336a1e71ee13d415413832e406ffc0c2ec2f9b035435356e271"
    },
    ".claude/skills/awf-reviewing-adr/SKILL.md": {
      "templateId": "skills/reviewing-adr/SKILL.md.tmpl",
      "templateHash": "sha256:f1796e7d3862575c4095ed6fddc3a0222488adc05dfae74aa6c154cdac159e51",
      "configHash": "sha256:7061a5961a4bd3882c408771c117318d7517fc3dbfcdb65d90f117b72ab5dacd",
      "outputHash": "sha256:72ef93c5bf996414b946f635e7747ef7a4dfb9267d58c79b3b1076c7aa823c70"
    },
    ".claude/skills/awf-reviewing-impl/SKILL.md": {
      "templateId": "skills/reviewing-impl/SKILL.md.tmpl",
      "templateHash": "sha256:3d3c0a05cfb07e6c658a63ad1641d89afd4923e2c7ae69891cd2f3300edc2737",
      "configHash": "sha256:f90e004e798ece5d9931a419bbb094351da2467aa9c48b3f65c119307184a844",
      "outputHash": "sha256:14910d092f76e5dbc75acbf71d1a0b0267bca1ef24417146ba827475c2e7d97f"
    },
    ".claude/skills/awf-reviewing-plan-resync/SKILL.md": {
      "templateId": "skills/reviewing-plan-resync/SKILL.md.tmpl",
      "templateHash": "sha256:5d96c6e7d48495e22c969766715de7682850831af53d6b49a522e0aa704319a4",
      "configHash": "sha256:7061a5961a4bd3882c408771c117318d7517fc3dbfcdb65d90f117b72ab5dacd",
      "outputHash": "sha256:e61f8b9470bec54df6ceffeac0704a2069df939cf702326630ea26a7e12b739c"
    },
    ".claude/skills/awf-reviewing-plan/SKILL.md": {
      "templateId": "skills/reviewing-plan/SKILL.md.tmpl",
      "templateHash": "sha256:8caee11faf45bf1b2eee43db51baa2dc7d7fbb54a0efe93e6abd6f315923bf51",
      "configHash": "sha256:7061a5961a4bd3882c408771c117318d7517fc3dbfcdb65d90f117b72ab5dacd",
      "outputHash": "sha256:e575d1694c0c28c261cedee1cb29e3512a4d8d2c0ffb03982e5d11fe2d291a80"
    },
    ".claude/skills/awf-subagent-driven-development/SKILL.md": {
      "templateId": "skills/subagent-driven-development/SKILL.md.tmpl",
      "templateHash": "sha256:0a1323e5c99d7909ecfb0067af2f02bb84bdecc38bd77bb459fdfcd114e612fe",
      "configHash": "sha256:a4c28a0d8f1de54bcd12ed20065a2b35c4e7545c7d060d98d5586e919e1221b0",
      "outputHash": "sha256:7e6cb6d413edf1e7961f7062b362b2d6b0d869070f3eb2fd42c9a987398c5eb9"
    },
    ".claude/skills/awf-tdd/SKILL.md": {
      "templateId": "skills/tdd/SKILL.md.tmpl",
      "templateHash": "sha256:2d36021678325645cb11fd4007fd27ac970ca7498dc26bbe16929a0234708bd5",
      "configHash": "sha256:e187d8e00bd5fc9a8459a89876462c6db50810dd40fff06346145a2f959327bc",
      "outputHash": "sha256:57e6dd4d62e4dc651cc15ad97c260a1c9fd256294e9e8c3702efcd91be55030c"
    },
    ".claude/skills/awf-writing-plans/SKILL.md": {
      "templateId": "skills/writing-plans/SKILL.md.tmpl",
      "templateHash": "sha256:dd63ef82ede692e0e8420099a822faaa5bc86effac45ee341d9450dbdedcbebb",
      "configHash": "sha256:a96e5f87965ccfe9f236fe09e531a78a48c468054b756fe73c36ddd5c497cd18",
      "outputHash": "sha256:0a364f43b83828b006880a1e5b7cc34e105ae01797888c49bc986822e29007b0"
    },
    ".cursor/agents/adr-reviewer.md": {
      "templateId": "agents/adr-reviewer.md.tmpl",
      "templateHash": "sha256:77241d1272ae2733aaa2ff5e11671e108da3f085c3361456d39adbf03ff9e7dc",
      "configHash": "sha256:c205a1c9b334697592a0beaa203804f82730fda7da64b849b7e4b224689a9ba8",
      "outputHash": "sha256:423d7676c6fb0971425cabf76d71f039dd755101a651ce3c108dfcec15709b86"
    },
    ".cursor/agents/code-reviewer.md": {
      "templateId": "agents/code-reviewer.md.tmpl",
      "templateHash": "sha256:67f02613ab8643fc6a6b8e2af688e31f161aa370fafd444515a0f738e8295fee",
      "configHash": "sha256:c49f1982ed2afa5a1fb12e0717d397c75e35f954c0d6354f55edd543c927d66d",
      "outputHash": "sha256:61e8ebf3214695d72a8ae89e541229f9ef4336b389788de6303ec07df4d7fb13"
    },
    ".cursor/agents/plan-reviewer.md": {
      "templateId": "agents/plan-reviewer.md.tmpl",
      "templateHash": "sha256:0937cdc627e7e100c1cceba41e9f58c96bd23729b0decd48e4cc4d7af3964dcb",
      "configHash": "sha256:07e80e3f2fc69fcd7229bacdcffd3351447017f4c9cd0bf6761d2ad0b5541328",
      "outputHash": "sha256:abc242eaa068b36e97f0f4a20b12b9b8f26c219cc0f4891aaa83c3e9dbd3c393"
    },
    ".cursor/skills/awf-adr-lifecycle/SKILL.md": {
      "templateId": "skills/adr-lifecycle/SKILL.md.tmpl",
      "templateHash": "sha256:c3bbd0e47e426119d9a9bcd2514a8b2fe76bffe7b3a553a17c068aeb25a07a08",
      "configHash": "sha256:300e3dc82ee2fc383851258783cb2a65bf4becc8892d30710e3a2288fdc5eedd",
      "outputHash": "sha256:d2439708bc6bb9e6cc9e08a4f0b1ad6b9de70f93106a85e375cb0b7175f26294"
    },
    ".cursor/skills/awf-brainstorming/SKILL.md": {
      "templateId": "skills/brainstorming/SKILL.md.tmpl",
      "templateHash": "sha256:048c5a9354734ab506e626c4568b008ea004da209f646b6ffc12e0f1ae0ba953",
      "configHash": "sha256:8695aa7cc1ec86bcf5afb1516c1ffb6c0f363e84eaee9ceef7acb7d6cbde049c",
      "outputHash": "sha256:b7544165830bfe4817f0483c46383c589be708ee89a5cc5a3fc3ef9015920978"
    },
    ".cursor/skills/awf-bugfix/SKILL.md": {
      "templateId": "skills/bugfix/SKILL.md.tmpl",
      "templateHash": "sha256:8ac4889dd9082856719fd7ab268ed7aef2a0c36f06e9f65a982085a7e9b8bcec",
      "configHash": "sha256:0198684a39eda0e574061ff6c4070b3746709b7481ed9a3c1a4094a75e48d7b4",
      "outputHash": "sha256:1e12d40679d9dc039d9fe0d870df012a0312d1f2aa43a2808ffdcfefe6533468"
    },
    ".cursor/skills/awf-debugging/SKILL.md": {
      "templateId": "skills/debugging/SKILL.md.tmpl",
      "templateHash": "sha256:d163718437c2dfc963a7fbddf85b3557e94f3bfa5d94f6dd8f72fd33b02c5141",
      "configHash": "sha256:a4756d9a22665373fb80a27e8dd231cd122e6f4ef34df52eb5dcf6a731b8c929",
      "outputHash": "sha256:93f897d31017f7a91a0eaf83356263cc591058c26aeb2e993f42d4730979ce3c"
    },
    ".cursor/skills/awf-executing-plans/SKILL.md": {
      "templateId": "skills/executing-plans/SKILL.md.tmpl",
      "templateHash": "sha256:b6ca2efeab363d72822f3ecf8b587eef6e0bd547b3f15463cca65f3ce668110e",
      "configHash": "sha256:a4c28a0d8f1de54bcd12ed20065a2b35c4e7545c7d060d98d5586e919e1221b0",
      "outputHash": "sha256:d23b7be94fa623e54c0893eda0f5429d8215d8814fed2163609350a71dc74c81"
    },
    ".cursor/skills/awf-proposing-adr/SKILL.md": {
      "templateId": "skills/proposing-adr/SKILL.md.tmpl",
      "templateHash": "sha256:76381de708e5818055090bcb1b4eaaa5a975e242e028e97bdf1af35d097e7cf2",
      "configHash": "sha256:75f3d3a62cc7fc291594a93722f92900217eda5056afb18349a4f805d9da7850",
      "outputHash": "sha256:09c207fc3cf841818c0d09c99e7f201d722c1443fc82738f193ee9bcd440799f"
    },
    ".cursor/skills/awf-refactor-coupling-audit/SKILL.md": {
      "templateId": "skills/refactor-coupling-audit/SKILL.md.tmpl",
      "templateHash": "sha256:a6ccfceed3d2b4b2fbf26499cb52d257835940ff4b754aa66c3f25bd405bf576",
      "configHash": "sha256:6a50f21afc0aa3d1e27ea73ad1263001edeb0aabf2a1acea44229801caf53bfc",
      "outputHash": "sha256:e58ba2f510b54336a1e71ee13d415413832e406ffc0c2ec2f9b035435356e271"
    },
    ".cursor/skills/awf-reviewing-adr/SKILL.md": {
      "templateId": "skills/reviewing-adr/SKILL.md.tmpl",
      "templateHash": "sha256:f1796e7d3862575c4095ed6fddc3a0222488adc05dfae74aa6c154cdac159e51",
      "configHash": "sha256:7061a5961a4bd3882c408771c117318d7517fc3dbfcdb65d90f117b72ab5dacd",
      "outputHash": "sha256:72ef93c5bf996414b946f635e7747ef7a4dfb9267d58c79b3b1076c7aa823c70"
    },
    ".cursor/skills/awf-reviewing-impl/SKILL.md": {
      "templateId": "skills/reviewing-impl/SKILL.md.tmpl",
      "templateHash": "sha256:3d3c0a05cfb07e6c658a63ad1641d89afd4923e2c7ae69891cd2f3300edc2737",
      "configHash": "sha256:f90e004e798ece5d9931a419bbb094351da2467aa9c48b3f65c119307184a844",
      "outputHash": "sha256:14910d092f76e5dbc75acbf71d1a0b0267bca1ef24417146ba827475c2e7d97f"
    },
    ".cursor/skills/awf-reviewing-plan-resync/SKILL.md": {
      "templateId": "skills/reviewing-plan-resync/SKILL.md.tmpl",
      "templateHash": "sha256:5d96c6e7d48495e22c969766715de7682850831af53d6b49a522e0aa704319a4",
      "configHash": "sha256:7061a5961a4bd3882c408771c117318d7517fc3dbfcdb65d90f117b72ab5dacd",
      "outputHash": "sha256:e61f8b9470bec54df6ceffeac0704a2069df939cf702326630ea26a7e12b739c"
    },
    ".cursor/skills/awf-reviewing-plan/SKILL.md": {
      "templateId": "skills/reviewing-plan/SKILL.md.tmpl",
      "templateHash": "sha256:8caee11faf45bf1b2eee43db51baa2dc7d7fbb54a0efe93e6abd6f315923bf51",
      "configHash": "sha256:7061a5961a4bd3882c408771c117318d7517fc3dbfcdb65d90f117b72ab5dacd",
      "outputHash": "sha256:e575d1694c0c28c261cedee1cb29e3512a4d8d2c0ffb03982e5d11fe2d291a80"
    },
    ".cursor/skills/awf-subagent-driven-development/SKILL.md": {
      "templateId": "skills/subagent-driven-development/SKILL.md.tmpl",
      "templateHash": "sha256:0a1323e5c99d7909ecfb0067af2f02bb84bdecc38bd77bb459fdfcd114e612fe",
      "configHash": "sha256:a4c28a0d8f1de54bcd12ed20065a2b35c4e7545c7d060d98d5586e919e1221b0",
      "outputHash": "sha256:7e6cb6d413edf1e7961f7062b362b2d6b0d869070f3eb2fd42c9a987398c5eb9"
    },
    ".cursor/skills/awf-tdd/SKILL.md": {
      "templateId": "skills/tdd/SKILL.md.tmpl",
      "templateHash": "sha256:2d36021678325645cb11fd4007fd27ac970ca7498dc26bbe16929a0234708bd5",
      "configHash": "sha256:e187d8e00bd5fc9a8459a89876462c6db50810dd40fff06346145a2f959327bc",
      "outputHash": "sha256:57e6dd4d62e4dc651cc15ad97c260a1c9fd256294e9e8c3702efcd91be55030c"
    },
    ".cursor/skills/awf-writing-plans/SKILL.md": {
      "templateId": "skills/writing-plans/SKILL.md.tmpl",
      "templateHash": "sha256:dd63ef82ede692e0e8420099a822faaa5bc86effac45ee341d9450dbdedcbebb",
      "configHash": "sha256:a96e5f87965ccfe9f236fe09e531a78a48c468054b756fe73c36ddd5c497cd18",
      "outputHash": "sha256:0a364f43b83828b006880a1e5b7cc34e105ae01797888c49bc986822e29007b0"
    },
    "AGENTS.md": {
      "templateId": "agents-doc/AGENTS.md.tmpl",
      "templateHash": "sha256:3b30d7bd4148ab6dbdd176e3db81bc8eacfdcff2dd876416a58d22a6ef3da037",
      "configHash": "sha256:a449ed8e591985c70cf5b8d2755c3b85fa7b09d3ab4667ac1c1e72b1a87a3e64",
      "outputHash": "sha256:c6e613a718dcb639b2d6cbdf15456bf341371cf4eb8f72d95c499b5710639d47"
    },
    "CLAUDE.md": {
      "templateId": "claude/CLAUDE.md.tmpl",
      "templateHash": "sha256:336cc4fbf19beaada7ccf9986414fa91851a8d7a07dfb3ccbe800a69eed0ab49",
      "configHash": "sha256:8695aa7cc1ec86bcf5afb1516c1ffb6c0f363e84eaee9ceef7acb7d6cbde049c",
      "outputHash": "sha256:8696264d88c2c76c2ba01e2c6912b017f307db2e80a296c6e090c423a7e54b06"
    },
    "docs/agents-md-standard.md": {
      "templateId": "docs/agents-md-standard.md.tmpl",
      "templateHash": "sha256:e74ca2081e921dd14d5ff94b178d6550e3c228e7c40946acb2eacff15c2b1a6f",
      "configHash": "sha256:8695aa7cc1ec86bcf5afb1516c1ffb6c0f363e84eaee9ceef7acb7d6cbde049c",
      "outputHash": "sha256:bdda11b245627ab9602e421ae7001cfb9d5d0dae04139d40e763bb2f15ef50b7"
    },
    "docs/architecture.md": {
      "templateId": "docs/architecture.md.tmpl",
      "templateHash": "sha256:b70350c57947d2ca77f239679dc889dbef00d8e23705e985f3c302fea56cd83e",
      "configHash": "sha256:c5d36eade0d3832a472de9956c4866356970c94155ec242c68a56c6b92cfcc6b",
      "outputHash": "sha256:50365c012515e55a3c8e37ed1c73335cd26114a84f809728ac2952e123d176c4"
    },
    "docs/decisions/ACTIVE.md": {
      "templateId": "",
      "templateHash": "",
      "configHash": "",
      "outputHash": "sha256:15bd568447ee4f59fcbf2bbb0fc5307e1cfee54b4b8ddc62abe8820aa6c180f0"
    },
    "docs/decisions/README.md": {
      "templateId": "adr-readme/README.md.tmpl",
      "templateHash": "sha256:d49559c19e3c2fc6b20189ca8a560108ac22a3899eda2cfdf849006cdb831e7a",
      "configHash": "sha256:6fbccbe262064051dc5a640ba54a0060716a762a958c01dc7f599c83898b3da2",
      "outputHash": "sha256:15b218118c04a70d57a28c91df112ff6a86a3ca3bf60fdb5a6e588ca285c741b"
    },
    "docs/decisions/template.md": {
      "templateId": "adr-template/template.md.tmpl",
      "templateHash": "sha256:584940bda9ce3488da6e0d6faf1410f1d591db894a07272339007d087424beeb",
      "configHash": "sha256:da4df8083248383ac598325373721a29777cb5fc231bb34fe0d35567b16939a2",
      "outputHash": "sha256:f449557a37abb5ee1bad1031e662e86b0043b5d0383cb029c2334df769729863"
    },
    "docs/development.md": {
      "templateId": "docs/development.md.tmpl",
      "templateHash": "sha256:da59a4b1b21f219f0a15a1918a72b92223133f5fbdb777e3af5d92657d8f2e06",
      "configHash": "sha256:8695aa7cc1ec86bcf5afb1516c1ffb6c0f363e84eaee9ceef7acb7d6cbde049c",
      "outputHash": "sha256:c38be6b5f1266fa326030fb622b018d0e548220d77c79662acfdc1dfb134dae3"
    },
    "docs/doc-standard.md": {
      "templateId": "docs/doc-standard.md.tmpl",
      "templateHash": "sha256:d7d4b0c06cb292cb7baa4ab954b3b91e092f70224b0a2dab752053ed105fd4e7",
      "configHash": "sha256:8695aa7cc1ec86bcf5afb1516c1ffb6c0f363e84eaee9ceef7acb7d6cbde049c",
      "outputHash": "sha256:6d7423f924ddd3763492a82c7a038468cb66bde58f0b685992f1fb9b217c8fa6"
    },
    "docs/domains/adr-system.md": {
      "templateId": "",
      "templateHash": "",
      "configHash": "",
      "outputHash": "sha256:129dc130a902e510ed3cb31a6960dfbb10f60ac75c25280b23cab0bcc6b173bb"
    },
    "docs/domains/config.md": {
      "templateId": "",
      "templateHash": "",
      "configHash": "",
      "outputHash": "sha256:46a14053595c7630f817f1e2ef9fddcd20f27085068c5113694a23d3ba64296b"
    },
    "docs/domains/invariants.md": {
      "templateId": "",
      "templateHash": "",
      "configHash": "",
      "outputHash": "sha256:11f564bf9d7f12a814454639e6cb524b69321780bf643bee6851a530f6326103"
    },
    "docs/domains/rendering.md": {
      "templateId": "",
      "templateHash": "",
      "configHash": "",
      "outputHash": "sha256:b087e7ebba761a0e18e739fa470574a0beb95e41ce1216eeb7f1ea00f6b5d136"
    },
    "docs/domains/tooling.md": {
      "templateId": "",
      "templateHash": "",
      "configHash": "",
      "outputHash": "sha256:397dcc9fbb7864752b94ae89058fc87b4661625f4fd5baf49eec9e1636c25c46"
    },
    "docs/glossary.md": {
      "templateId": "docs/glossary.md.tmpl",
      "templateHash": "sha256:07419666c4af9479b93cebeeed2895917290ce22fbe71c198dd6d6404d688818",
      "configHash": "sha256:6680f21b0aed38b5fa0cdc972b0fc8d73c3239cadbccd4d54f2381d14106d6f0",
      "outputHash": "sha256:7a7235a4a0c35edcd8851a699a0de2b7d32b9e469be9bd980a30887c562478b5"
    },
    "docs/pitfalls.md": {
      "templateId": "docs/pitfalls.md.tmpl",
      "templateHash": "sha256:83f532a39fd8d932aabe0e55aaf131fcedd63dd40e5bfee8e068803a3b22c1e4",
      "configHash": "sha256:546d055dc33fd8a3940c8deec0703896156bca3cb236ec198648f60b83d044c5",
      "outputHash": "sha256:2fffdd8f8ebb80ea1ebb2eb7739c6db2fabdfb719dc3cb4151927c74f0f52481"
    },
    "docs/plans/README.md": {
      "templateId": "plans-readme/README.md.tmpl",
      "templateHash": "sha256:479783dbcb355e7195475f7ede5733b3169fce647f5ab47de18106669d2dd8e9",
      "configHash": "sha256:8695aa7cc1ec86bcf5afb1516c1ffb6c0f363e84eaee9ceef7acb7d6cbde049c",
      "outputHash": "sha256:9aa139e4626958f0f3569a1cd195b3de493294a95ab65742b1933ab424ceb6f0"
    },
    "docs/testing.md": {
      "templateId": "docs/testing.md.tmpl",
      "templateHash": "sha256:f0537f89664422b541c9c0bc3b1daf959161641385fc75bb3cde8faaafdb7a1a",
      "configHash": "sha256:8695aa7cc1ec86bcf5afb1516c1ffb6c0f363e84eaee9ceef7acb7d6cbde049c",
      "outputHash": "sha256:ee5d427db606c4bf16a852a27d4090ab917407c606769d307001b2fa56001f65"
    },
    "docs/workflow.md": {
      "templateId": "docs/workflow.md.tmpl",
      "templateHash": "sha256:317ca929d62f229b61ba9531d2abeebd8289015403d93e301f695b5e73166134",
      "configHash": "sha256:a08b5f19684dc0689ef0cb247aca2b4c8ffc89f87ef3cae86e3c889db0d05cc1",
      "outputHash": "sha256:19120a782f73ba4306869b6c32f7628d2b00c96d15b0b7cad142f5098a9bd1f4"
    }
  }
}
