{
  "awfVersion": "0.29.0",
  "schemaVersion": 25,
  "files": {
    ".awf/efforts/.gitignore": {
      "templateId": "efforts/gitignore.tmpl",
      "templateHash": "sha256:240a3e0d37d2e86b614063f5347eb02d4f99ca6c254de6b82871ff8d95532a7d",
      "configHash": "sha256:0b5ddc755a4bd0c28b45cd7416465607195c0fc7ef1f73cabc178278f9415abd",
      "outputHash": "sha256:f3a59358883e776cdd1cabb8ec5c58b947842c761996f705ddf11abe9fe2ac47"
    },
    ".awf/hooks/commit-msg.sh": {
      "templateId": "hooks/commit-msg.sh.tmpl",
      "templateHash": "sha256:29aec3a75135d989d86d0d8ba01d195ddf2081627a01e2533448bb2b4b0f66bf",
      "configHash": "sha256:19542ea54d957e38c04d6927c350cac24dfb29082f42a44ee89d7992e57944e3",
      "outputHash": "sha256:4d10596859ea23ad230647aea32a2c0c1d916f94835fd5681f26935019a76f8c"
    },
    ".awf/hooks/pre-commit.sh": {
      "templateId": "hooks/pre-commit.sh.tmpl",
      "templateHash": "sha256:5fa5e14b4c17e5e13f2ee24676fe3aa7b2b16d6b3bc59271d747dc508d5e248f",
      "configHash": "sha256:b28b31ade85b73db6329c78b35c694a615f12850a2d16149d319ffd2567add6e",
      "outputHash": "sha256:73eb1c01c48b5135f3dfc41c1e3276bbc7c0d6a6a1e87e854985be1b0cd7b38c"
    },
    ".awf/hooks/pre-push.sh": {
      "templateId": "hooks/pre-push.sh.tmpl",
      "templateHash": "sha256:043be086af5f27634d1882ae02fb4f3bab228772192c9c12fc3aa38e0a4a6af9",
      "configHash": "sha256:011d560daee219c469c736854509b418d2c545e476d2300da5b3bf66856542c7",
      "outputHash": "sha256:9b053fc89260911caffa35433b69aaf9a66c709cd33e2aaa54814245c8cf9fba"
    },
    ".awf/worktrees/.gitignore": {
      "templateId": "worktrees/gitignore.tmpl",
      "templateHash": "sha256:240a3e0d37d2e86b614063f5347eb02d4f99ca6c254de6b82871ff8d95532a7d",
      "configHash": "sha256:0b5ddc755a4bd0c28b45cd7416465607195c0fc7ef1f73cabc178278f9415abd",
      "outputHash": "sha256:f3a59358883e776cdd1cabb8ec5c58b947842c761996f705ddf11abe9fe2ac47"
    },
    ".claude/agents/adr-reviewer.md": {
      "templateId": "agents/adr-reviewer.md.tmpl",
      "templateHash": "sha256:2abf0b05748bcef047227c7d0619a20ceaed194b74ea1006ecd5345e90a9e9a2",
      "configHash": "sha256:d0a2d6257ae335aea78bd624480ca4cfe01d6cd807902b549dadf415634b5e51",
      "outputHash": "sha256:e2bc99b19cb2df03ad720ae6d7c6a43f1b18cc81eb991c089b1796727c706abf"
    },
    ".claude/agents/code-reviewer.md": {
      "templateId": "agents/code-reviewer.md.tmpl",
      "templateHash": "sha256:514377af748efb0675308ed4dbd9f22a13cfb64fe8667e2aa0801baac8f0d5d1",
      "configHash": "sha256:9ebdeeb0e1223dcbe270b2df263301d95a76f31c421a1d2b7a5a053a0694187c",
      "outputHash": "sha256:d48740531e58cb8501f7c1761a0281da3ab178d2e9a1e55fe8aa79bc3c516af5"
    },
    ".claude/agents/explorer.md": {
      "templateId": "agents/explorer.md.tmpl",
      "templateHash": "sha256:fd2ce17ca181bc6322c60f0751c699e9f67bcb77bcac983738ee822329140352",
      "configHash": "sha256:5f49144ae20ec06f7fcc9d13b34ec2986e6ac0936c098200bba0983327132a93",
      "outputHash": "sha256:14c6fde8cfe9326d4409bd87fa1fe932ee3900284236f6617931825872e6d3cd"
    },
    ".claude/agents/grounding-checker.md": {
      "templateId": "agents/grounding-checker.md.tmpl",
      "templateHash": "sha256:ed0469e824dfce17a67e2f6cefe8481ec634f2f9fe557f85e9a77f1176bc0c67",
      "configHash": "sha256:5f49144ae20ec06f7fcc9d13b34ec2986e6ac0936c098200bba0983327132a93",
      "outputHash": "sha256:07add07e54b8e7794e1bb09ea0a2a6b6664e595e506c93c460ce952e9abe43f5"
    },
    ".claude/agents/implementer.md": {
      "templateId": "agents/implementer.md.tmpl",
      "templateHash": "sha256:ca60f168ec8ca4efe5442c8736dd362e2f85027872a55ed5f15348f80dcfd600",
      "configHash": "sha256:e073a133e300d390f035384415f0554ff80e49bd7f2929eea85e15966ae02278",
      "outputHash": "sha256:94914ec28f9a18fda07144dff784481f0173720fe655ccf25f3ad7f68241514f"
    },
    ".claude/agents/plan-reviewer.md": {
      "templateId": "agents/plan-reviewer.md.tmpl",
      "templateHash": "sha256:975c286738e5239d06a4b57cf7bd3ad04057f78ba10fc43814aa387e840b2e22",
      "configHash": "sha256:0e52103dc957ccfef0fb1f30794430276511754bd53a91506067894fcd5b8683",
      "outputHash": "sha256:0cf854fe31aba0c4d72540a4d83fa02fe3405bff361a348f1873c932523be3f8"
    },
    ".claude/skills/awf-adr-lifecycle/SKILL.md": {
      "templateId": "skills/adr-lifecycle/SKILL.md.tmpl",
      "templateHash": "sha256:219bcb2c9ed7b4965a30663c308f421629170646cb946a5ac8a9440755dde173",
      "configHash": "sha256:3c1bd1ac87b5bf86d3e741bcd11b4ec8aad4fe53b76fd7c84bf239f1344adb4f",
      "outputHash": "sha256:da7493fac5ad83b8b8780294c76aa638c11f5d0fd600d49194275debd8dbc101"
    },
    ".claude/skills/awf-brainstorming/SKILL.md": {
      "templateId": "skills/brainstorming/SKILL.md.tmpl",
      "templateHash": "sha256:3f21bc61f97e7c15f1b12f676f9b25b175d01632398bbe7c353927a0b70d2f21",
      "configHash": "sha256:5f49144ae20ec06f7fcc9d13b34ec2986e6ac0936c098200bba0983327132a93",
      "outputHash": "sha256:8b3e8fde308b13891fa4e5dfa244c2fb63ed21bb60a0eec6a1c39d6204deb2c5"
    },
    ".claude/skills/awf-bugfix/SKILL.md": {
      "templateId": "skills/bugfix/SKILL.md.tmpl",
      "templateHash": "sha256:08071f5f0ad0021541c1a08712a49d4351e27ee7913e3d9640ebeacfb978489a",
      "configHash": "sha256:7577dde48c453e071b7e00d951dcb600b4dbc81404123b7e88fef95b14ef470e",
      "outputHash": "sha256:2f92a523c3711557d20fa4c87fa769220561681e57a6c41578aa7eb457ddae58"
    },
    ".claude/skills/awf-debugging/SKILL.md": {
      "templateId": "skills/debugging/SKILL.md.tmpl",
      "templateHash": "sha256:b08c5f6f8d9fe99b73fccf6917d19a4e99144ec1b5d1c46d576ccc8499f6cbb7",
      "configHash": "sha256:26d0ba282afb006bff0a654bf0a5edfae335116d9354592b2fda52c7ae05046e",
      "outputHash": "sha256:4732a7dd26b0e81509364b1d173a110e64c2bc5b32883f83fd1e128d7b8eb017"
    },
    ".claude/skills/awf-executing-direct/SKILL.md": {
      "templateId": "skills/executing-direct/SKILL.md.tmpl",
      "templateHash": "sha256:70fc3de2b1b9a1ba786faed3416e393be02fba124812bad2a37f75c4eeee18e7",
      "configHash": "sha256:5f49144ae20ec06f7fcc9d13b34ec2986e6ac0936c098200bba0983327132a93",
      "outputHash": "sha256:b2fb00f081542a6c5667bedf5b1496c7b8ebcbd645cad6e21bde3fc3f0279b3b"
    },
    ".claude/skills/awf-executing-plans/SKILL.md": {
      "templateId": "skills/executing-plans/SKILL.md.tmpl",
      "templateHash": "sha256:2f9fce89ee1eb37a09c797b00421bfb4112ddba2bd610a7eae474db8df99145c",
      "configHash": "sha256:fdf74607592310315313d40cf680ca50ccf6a120cccc81f6cfd8ab45ddf8bcd5",
      "outputHash": "sha256:1f1217a52849583fa2ba1405893db6533d64f64c64d59c31521458b119aae234"
    },
    ".claude/skills/awf-exploring/SKILL.md": {
      "templateId": "skills/exploring/SKILL.md.tmpl",
      "templateHash": "sha256:2f8685e3d4cf203327f815a5a09c62d874b0141977fe8c296775dcab97b604b0",
      "configHash": "sha256:5f49144ae20ec06f7fcc9d13b34ec2986e6ac0936c098200bba0983327132a93",
      "outputHash": "sha256:87559b829ce433c36fb9165c614cf7d7ebe50ac183cdc648a44c74418cad5207"
    },
    ".claude/skills/awf-proposing-adr/SKILL.md": {
      "templateId": "skills/proposing-adr/SKILL.md.tmpl",
      "templateHash": "sha256:ec9e2d26854806d512a3df5057cfd27eff1ceb92734236effceed0af44ec55e1",
      "configHash": "sha256:64c62a98f33afb458c016245a9ab0646cac71823346810a1e99b177de95b6666",
      "outputHash": "sha256:629ab8a25d38ba886ada5e990e112019a2d7d70c6fc92aa0d2f9756e40ea41a3"
    },
    ".claude/skills/awf-refactor-coupling-audit/SKILL.md": {
      "templateId": "skills/refactor-coupling-audit/SKILL.md.tmpl",
      "templateHash": "sha256:4ac2605ed8c9fc197ead4fc0fea28159361cf1bebca03687f316b9120c14fb8c",
      "configHash": "sha256:27fd6b99476bcf3537d25d2236dbd09d4daf4e19f29dbc8f2a87683119dddb69",
      "outputHash": "sha256:2c1df5d7ef966b7f02599c69f3ea57a37f279dd7cb4287fe101e638128f5f682"
    },
    ".claude/skills/awf-retrospective/SKILL.md": {
      "templateId": "skills/retrospective/SKILL.md.tmpl",
      "templateHash": "sha256:6f74fdec751a11998095d6df63bb5e2d5c412b92028eda5c996f90f7ba2e85ba",
      "configHash": "sha256:4bb7bce9733fe63b4dd7f62cb2705db5cef5b21fe02a4f529cd379422f87b504",
      "outputHash": "sha256:a25c529d577615be5056aa33ac90b79977d6019f852900f312152b6a3188fcf8"
    },
    ".claude/skills/awf-reviewing-adr/SKILL.md": {
      "templateId": "skills/reviewing-adr/SKILL.md.tmpl",
      "templateHash": "sha256:a615554c8042cceec8cc20198465a986c4b7609aee2f57dfd5893f0e0ff94fa6",
      "configHash": "sha256:6cf4b15423a4405df20705641d89c4484b9a735476004b4e9d8efc62c1e378ac",
      "outputHash": "sha256:f4383653562fc74996687eb06ff14e3606e38bcc8302b40fc613869076905237"
    },
    ".claude/skills/awf-reviewing-impl/SKILL.md": {
      "templateId": "skills/reviewing-impl/SKILL.md.tmpl",
      "templateHash": "sha256:922fb332a6d050f4afe61e9837ad9e4a393ef91451e6211c12646c3b9f99a751",
      "configHash": "sha256:8a61ed1a8badad22958cc6f71e2b7fdc306143ca915cb6a7819959b8601f6544",
      "outputHash": "sha256:802ee05b8099e1a801d9b0690622a287697468fea6861c4c4ba7abb2b58fff2c"
    },
    ".claude/skills/awf-reviewing-plan-resync/SKILL.md": {
      "templateId": "skills/reviewing-plan-resync/SKILL.md.tmpl",
      "templateHash": "sha256:d5e206f20836bb005ee587a2fca241c10d1df95c487a3f737b420019e77c5cdc",
      "configHash": "sha256:56b3fa38914f1b93c994d952d690e12960ec2fce2914066d90bf70e6d4dd106a",
      "outputHash": "sha256:295ae12df4bdc337541cc048775af794003500cb4c40cbaee832fcaec308a2e7"
    },
    ".claude/skills/awf-reviewing-plan/SKILL.md": {
      "templateId": "skills/reviewing-plan/SKILL.md.tmpl",
      "templateHash": "sha256:9f68c887b753b2a07a0722384d3f09d33d38d39502b7ed58e0b3df9c0e82ffa8",
      "configHash": "sha256:6cf4b15423a4405df20705641d89c4484b9a735476004b4e9d8efc62c1e378ac",
      "outputHash": "sha256:88d274e598669859335f5fcb4b56f0e886b82dd61636a299c9e48d2fb96225cd"
    },
    ".claude/skills/awf-subagent-driven-development/SKILL.md": {
      "templateId": "skills/subagent-driven-development/SKILL.md.tmpl",
      "templateHash": "sha256:2846a6884e8ce1dae34f68589f71859996326d9b3856e26218b76d2b49c85a30",
      "configHash": "sha256:fdf74607592310315313d40cf680ca50ccf6a120cccc81f6cfd8ab45ddf8bcd5",
      "outputHash": "sha256:1fe64d605027633cef808707713b23ab76034d92e257c85b419453089ffceaa9"
    },
    ".claude/skills/awf-tdd/SKILL.md": {
      "templateId": "skills/tdd/SKILL.md.tmpl",
      "templateHash": "sha256:d66f5e622f5e3140f5680f9772f663500958b534ba6545592a319f98c407416a",
      "configHash": "sha256:864b8d337dcb7c20b31696413266cfbe9d3ea73b9c0fd04c983e706d212e4571",
      "outputHash": "sha256:07387efa5aefb7e5abce63855f96ada948a400c6c58fc79ca97c0499331058d6"
    },
    ".claude/skills/awf-writing-plans/SKILL.md": {
      "templateId": "skills/writing-plans/SKILL.md.tmpl",
      "templateHash": "sha256:3a45737aeaab8a45320948e9d705f91fc9951a372064b78e9a31e104a92fd51a",
      "configHash": "sha256:ad618c5dfa1c2afce69e9bea8799350bb7778b7cc21b71fbe3e4bfdbb96f784f",
      "outputHash": "sha256:6a1fcf9d559bceb5cbc2d7bffcf96af02af44b07b2fd707b15ec4f7570bb4e7c"
    },
    ".pi/agents/adr-reviewer.md": {
      "templateId": "agents/adr-reviewer.md.tmpl",
      "templateHash": "sha256:2abf0b05748bcef047227c7d0619a20ceaed194b74ea1006ecd5345e90a9e9a2",
      "configHash": "sha256:182d4e5802987b78e2f37906549352b4dabb5dc39286c664d7e510a3679a0e84",
      "outputHash": "sha256:e2bc99b19cb2df03ad720ae6d7c6a43f1b18cc81eb991c089b1796727c706abf"
    },
    ".pi/agents/code-reviewer.md": {
      "templateId": "agents/code-reviewer.md.tmpl",
      "templateHash": "sha256:514377af748efb0675308ed4dbd9f22a13cfb64fe8667e2aa0801baac8f0d5d1",
      "configHash": "sha256:965620849724ba124dd8dc72e36f46e2e1b5dc581486b4a0c839810749ee5eb1",
      "outputHash": "sha256:d48740531e58cb8501f7c1761a0281da3ab178d2e9a1e55fe8aa79bc3c516af5"
    },
    ".pi/agents/explorer.md": {
      "templateId": "agents/explorer.md.tmpl",
      "templateHash": "sha256:fd2ce17ca181bc6322c60f0751c699e9f67bcb77bcac983738ee822329140352",
      "configHash": "sha256:fa0515ab43ff12c639c31ba5013eff15de4319e01b2fc63b81b978323ac74e94",
      "outputHash": "sha256:14c6fde8cfe9326d4409bd87fa1fe932ee3900284236f6617931825872e6d3cd"
    },
    ".pi/agents/grounding-checker.md": {
      "templateId": "agents/grounding-checker.md.tmpl",
      "templateHash": "sha256:ed0469e824dfce17a67e2f6cefe8481ec634f2f9fe557f85e9a77f1176bc0c67",
      "configHash": "sha256:fa0515ab43ff12c639c31ba5013eff15de4319e01b2fc63b81b978323ac74e94",
      "outputHash": "sha256:07add07e54b8e7794e1bb09ea0a2a6b6664e595e506c93c460ce952e9abe43f5"
    },
    ".pi/agents/implementer.md": {
      "templateId": "agents/implementer.md.tmpl",
      "templateHash": "sha256:ca60f168ec8ca4efe5442c8736dd362e2f85027872a55ed5f15348f80dcfd600",
      "configHash": "sha256:c8bd4c983bdbdaff320b97cf83d8eeb9db170e4b457bf49b4dc4da7a0b0f2fec",
      "outputHash": "sha256:94914ec28f9a18fda07144dff784481f0173720fe655ccf25f3ad7f68241514f"
    },
    ".pi/agents/plan-reviewer.md": {
      "templateId": "agents/plan-reviewer.md.tmpl",
      "templateHash": "sha256:975c286738e5239d06a4b57cf7bd3ad04057f78ba10fc43814aa387e840b2e22",
      "configHash": "sha256:66b56ac75fbbb0002cfb5cabba98c0165ab579f0fea8a99d49c6447255fb8bec",
      "outputHash": "sha256:0cf854fe31aba0c4d72540a4d83fa02fe3405bff361a348f1873c932523be3f8"
    },
    ".pi/extensions/awf-handoff/index.ts": {
      "templateId": "pi/awf-handoff/index.ts.tmpl",
      "templateHash": "sha256:08c4be88b0f0a56127eccf116520256c3c02eb370e8f622801b268189dbc314c",
      "configHash": "sha256:fa0515ab43ff12c639c31ba5013eff15de4319e01b2fc63b81b978323ac74e94",
      "outputHash": "sha256:a04414e475314c2bc6ae9138c3b4c2800ed8be9e5121911ac536659d4440cdb7"
    },
    ".pi/extensions/awf-subagents/index.ts": {
      "templateId": "pi/awf-subagents/index.ts.tmpl",
      "templateHash": "sha256:386bb7f87903d8fdde6488aedfe2cc8c5fb215fb0142c878c3c27f5d71b81321",
      "configHash": "sha256:fa0515ab43ff12c639c31ba5013eff15de4319e01b2fc63b81b978323ac74e94",
      "outputHash": "sha256:7cf9d0e6641f0a5cfc3852fcc8722f854d5fe8b892d8a5618f88257a45832433"
    },
    ".pi/extensions/awf-subagents/model-routing.ts": {
      "templateId": "pi/awf-subagents/model-routing.ts.tmpl",
      "templateHash": "sha256:f9996910f173068d3f2c64339a0054c854e4e0da3c0a657f063e20821070197e",
      "configHash": "sha256:fa0515ab43ff12c639c31ba5013eff15de4319e01b2fc63b81b978323ac74e94",
      "outputHash": "sha256:19359d161e138d2ea83eceda7c51ecef9f66adbef6e500ffc69a60a1dcff3f5c"
    },
    ".pi/extensions/awf-subagents/runner.ts": {
      "templateId": "pi/awf-subagents/runner.ts.tmpl",
      "templateHash": "sha256:181933e623671ed21fdb71b106d220067417cc488cbfc2a3280ca11be46e2efd",
      "configHash": "sha256:fa0515ab43ff12c639c31ba5013eff15de4319e01b2fc63b81b978323ac74e94",
      "outputHash": "sha256:da680eab109eb1ee248b9819c9641c8b2383f9fb4f030c5e351ea554df0e25d8"
    },
    ".pi/skills/awf-adr-lifecycle/SKILL.md": {
      "templateId": "skills/adr-lifecycle/SKILL.md.tmpl",
      "templateHash": "sha256:219bcb2c9ed7b4965a30663c308f421629170646cb946a5ac8a9440755dde173",
      "configHash": "sha256:f30d395d16cde8838b5cc3baea930837f5ef598fa681c2b1445eb7fb6983f9ae",
      "outputHash": "sha256:da7493fac5ad83b8b8780294c76aa638c11f5d0fd600d49194275debd8dbc101"
    },
    ".pi/skills/awf-brainstorming/SKILL.md": {
      "templateId": "skills/brainstorming/SKILL.md.tmpl",
      "templateHash": "sha256:3f21bc61f97e7c15f1b12f676f9b25b175d01632398bbe7c353927a0b70d2f21",
      "configHash": "sha256:fa0515ab43ff12c639c31ba5013eff15de4319e01b2fc63b81b978323ac74e94",
      "outputHash": "sha256:69fc3fc3db4c8abc0cf239899d7e83566bf1a48a71eb92db9d195a6fb5bd0847"
    },
    ".pi/skills/awf-bugfix/SKILL.md": {
      "templateId": "skills/bugfix/SKILL.md.tmpl",
      "templateHash": "sha256:08071f5f0ad0021541c1a08712a49d4351e27ee7913e3d9640ebeacfb978489a",
      "configHash": "sha256:c9562a069ba306b65aa621cf528d9bd905a8ef4c4e45e8b3f3e6af5f8605bf47",
      "outputHash": "sha256:a248c65279d38dca0d60d00536e2ae8b1105b10c4811127b10602167700a9bdd"
    },
    ".pi/skills/awf-debugging/SKILL.md": {
      "templateId": "skills/debugging/SKILL.md.tmpl",
      "templateHash": "sha256:b08c5f6f8d9fe99b73fccf6917d19a4e99144ec1b5d1c46d576ccc8499f6cbb7",
      "configHash": "sha256:c049846d768af6c3cda6e5e4e81eaafa8286f1f6d0eccd4fcf5948dcaa384437",
      "outputHash": "sha256:f767f0861a8a44b49b4ba07dfc11995ca7ba6845b359f0bf3bb2bda93b6af50d"
    },
    ".pi/skills/awf-executing-direct/SKILL.md": {
      "templateId": "skills/executing-direct/SKILL.md.tmpl",
      "templateHash": "sha256:70fc3de2b1b9a1ba786faed3416e393be02fba124812bad2a37f75c4eeee18e7",
      "configHash": "sha256:fa0515ab43ff12c639c31ba5013eff15de4319e01b2fc63b81b978323ac74e94",
      "outputHash": "sha256:74f21909b5956e59ac267c5ae349201b4199d338b33fbf563734d0e17b58dee3"
    },
    ".pi/skills/awf-executing-plans/SKILL.md": {
      "templateId": "skills/executing-plans/SKILL.md.tmpl",
      "templateHash": "sha256:2f9fce89ee1eb37a09c797b00421bfb4112ddba2bd610a7eae474db8df99145c",
      "configHash": "sha256:047bfe83483a2c43cd1aaf948a55cb598c9f88059490def5c30a8c04359d668e",
      "outputHash": "sha256:7fe47e0be8827902cd7e2753d26f32e4961c47915fe1ad27b773de4110cbccd5"
    },
    ".pi/skills/awf-exploring/SKILL.md": {
      "templateId": "skills/exploring/SKILL.md.tmpl",
      "templateHash": "sha256:2f8685e3d4cf203327f815a5a09c62d874b0141977fe8c296775dcab97b604b0",
      "configHash": "sha256:fa0515ab43ff12c639c31ba5013eff15de4319e01b2fc63b81b978323ac74e94",
      "outputHash": "sha256:9df7cb3629b0e2a394646a15a33035b6286428724764ea70424ca1fe79e71443"
    },
    ".pi/skills/awf-proposing-adr/SKILL.md": {
      "templateId": "skills/proposing-adr/SKILL.md.tmpl",
      "templateHash": "sha256:ec9e2d26854806d512a3df5057cfd27eff1ceb92734236effceed0af44ec55e1",
      "configHash": "sha256:78ac9f14b0f958679763d8627e9009530d246239bc6d7e5b63835b2df31016c9",
      "outputHash": "sha256:dc25daba0745a7e425dfbd55a41b8918a6cdaeabfb96409ad982139902a7fa41"
    },
    ".pi/skills/awf-refactor-coupling-audit/SKILL.md": {
      "templateId": "skills/refactor-coupling-audit/SKILL.md.tmpl",
      "templateHash": "sha256:4ac2605ed8c9fc197ead4fc0fea28159361cf1bebca03687f316b9120c14fb8c",
      "configHash": "sha256:189f0ce10739bb8612849da2277606c3367f29d02512a4a3203a201506ecb9e2",
      "outputHash": "sha256:2c1df5d7ef966b7f02599c69f3ea57a37f279dd7cb4287fe101e638128f5f682"
    },
    ".pi/skills/awf-retrospective/SKILL.md": {
      "templateId": "skills/retrospective/SKILL.md.tmpl",
      "templateHash": "sha256:6f74fdec751a11998095d6df63bb5e2d5c412b92028eda5c996f90f7ba2e85ba",
      "configHash": "sha256:d8d56d2afffc9669d05d3b9ca2f5549f4658362716a20072908788935f11c446",
      "outputHash": "sha256:a25c529d577615be5056aa33ac90b79977d6019f852900f312152b6a3188fcf8"
    },
    ".pi/skills/awf-reviewing-adr/SKILL.md": {
      "templateId": "skills/reviewing-adr/SKILL.md.tmpl",
      "templateHash": "sha256:a615554c8042cceec8cc20198465a986c4b7609aee2f57dfd5893f0e0ff94fa6",
      "configHash": "sha256:5cabc18705327d356c6f9847693b3d2b22fbf957423f3df18e50ef19db9d39e0",
      "outputHash": "sha256:b6b20da88a2aca2180e3dd855d21c4b86120b220e0b27125f71c2b55a9dde834"
    },
    ".pi/skills/awf-reviewing-impl/SKILL.md": {
      "templateId": "skills/reviewing-impl/SKILL.md.tmpl",
      "templateHash": "sha256:922fb332a6d050f4afe61e9837ad9e4a393ef91451e6211c12646c3b9f99a751",
      "configHash": "sha256:13e795ad10424d2264a3389b7ccacfdb496ad852f9fe5e58cabf6a3dcd7e738f",
      "outputHash": "sha256:58e035e97f47b75bf269d59672234c81c87b0a9b25d23bd68f4b26b59fa85396"
    },
    ".pi/skills/awf-reviewing-plan-resync/SKILL.md": {
      "templateId": "skills/reviewing-plan-resync/SKILL.md.tmpl",
      "templateHash": "sha256:d5e206f20836bb005ee587a2fca241c10d1df95c487a3f737b420019e77c5cdc",
      "configHash": "sha256:17586c401b3a9c10832ddc1d7766420d19109ae17024429ea3f62e46c9bc4682",
      "outputHash": "sha256:3b40d1ce6725dd005ff6cfdabe09a398cbd00448b6954f666c769102e19e061d"
    },
    ".pi/skills/awf-reviewing-plan/SKILL.md": {
      "templateId": "skills/reviewing-plan/SKILL.md.tmpl",
      "templateHash": "sha256:9f68c887b753b2a07a0722384d3f09d33d38d39502b7ed58e0b3df9c0e82ffa8",
      "configHash": "sha256:5cabc18705327d356c6f9847693b3d2b22fbf957423f3df18e50ef19db9d39e0",
      "outputHash": "sha256:659197e60346ecaa7ef7dfd1b2dbc9988dab53311a797ad3b748d33d51edf0ef"
    },
    ".pi/skills/awf-subagent-driven-development/SKILL.md": {
      "templateId": "skills/subagent-driven-development/SKILL.md.tmpl",
      "templateHash": "sha256:2846a6884e8ce1dae34f68589f71859996326d9b3856e26218b76d2b49c85a30",
      "configHash": "sha256:047bfe83483a2c43cd1aaf948a55cb598c9f88059490def5c30a8c04359d668e",
      "outputHash": "sha256:3ab94b44310c74f4d9e249d8c4ad02dc1d49dafdcb6bb0255e8b41603c159415"
    },
    ".pi/skills/awf-tdd/SKILL.md": {
      "templateId": "skills/tdd/SKILL.md.tmpl",
      "templateHash": "sha256:d66f5e622f5e3140f5680f9772f663500958b534ba6545592a319f98c407416a",
      "configHash": "sha256:3e155599e69553eb0456e352088e7bd0caca87cb736d6a509daf429acdbc97e2",
      "outputHash": "sha256:07387efa5aefb7e5abce63855f96ada948a400c6c58fc79ca97c0499331058d6"
    },
    ".pi/skills/awf-writing-plans/SKILL.md": {
      "templateId": "skills/writing-plans/SKILL.md.tmpl",
      "templateHash": "sha256:3a45737aeaab8a45320948e9d705f91fc9951a372064b78e9a31e104a92fd51a",
      "configHash": "sha256:5cf5bb0d480f6c541e88e15f5414ee4323ac55eb3985fb9cad7fb2bc2c7e69a5",
      "outputHash": "sha256:8dd0f68179dc7da9d0fabf829004b74992088b539fe0cd0f997bda61d9342960"
    },
    "AGENTS.md": {
      "templateId": "agents-doc/AGENTS.md.tmpl",
      "templateHash": "sha256:95c47b92c8e5dbffee8108c8bad8340d997347bd5e19de9d1af30f9ce751cf13",
      "configHash": "sha256:5bf21dbb7d980dc581634b866d3a1a748fa22ed51c9717f0c0b71074b97a1f1e",
      "outputHash": "sha256:1543d9bfcb78f78005a99c66262988a7031a6b026eb154163a5411e01380605a"
    },
    "CLAUDE.md": {
      "templateId": "claude/CLAUDE.md.tmpl",
      "templateHash": "sha256:336cc4fbf19beaada7ccf9986414fa91851a8d7a07dfb3ccbe800a69eed0ab49",
      "configHash": "sha256:0b5ddc755a4bd0c28b45cd7416465607195c0fc7ef1f73cabc178278f9415abd",
      "outputHash": "sha256:542dc9ecd5772ae343ec014ecbb65215304245a19b89bb47ca3a5749edac816d"
    },
    "awf": {
      "templateId": "runner/awf.tmpl",
      "templateHash": "sha256:bf34dd9d70443f0901daccbca4cb0c73bf2b5a13a4a9db7c253a897c585deab3",
      "configHash": "sha256:d42e7d16e2fa21993902ba633304c5ca2043443901ded48b4da2ce41731c5b7e",
      "outputHash": "sha256:3aacd3801aad6906793872f5c6eade69a6d706223f2b1a284755a4f064af5551"
    },
    "docs/agents-md-standard.md": {
      "templateId": "docs/agents-md-standard.md.tmpl",
      "templateHash": "sha256:67ab4a1e1965e03aabc3386c82c2dc5eb6fefc86fc88e17d278cee485d94f89a",
      "configHash": "sha256:56e2cb871f915edf9703deae3a5530cc757213058abaa21c4141c21f6c0b9cae",
      "outputHash": "sha256:d9ada8cd8e6f42bf2e075e4bc62f269404e87a41784e90c4b2accafab3f12c6a"
    },
    "docs/architecture.md": {
      "templateId": "docs/architecture.md.tmpl",
      "templateHash": "sha256:20cf060974dc29a970334b0ef03e0c6cd4675ff135e87b73611e59abc8ab0dd0",
      "configHash": "sha256:68d122d49c31544c4f625b6d3e2c5fe38364bb41e66a80baf982e0829e033f37",
      "outputHash": "sha256:7b8019838299f0ad1c136283c019b3408ebe1142ad2ab83ef98cf676b7d0e90c"
    },
    "docs/config-reference.md": {
      "templateId": "",
      "templateHash": "",
      "configHash": "sha256:619a4dec6900da1feb21570a9a316b719f4802bf7686ce13e6cd6114d391b3e6",
      "outputHash": "sha256:0d936267cd0990d26dfa4c808e7ffdb87633050d677a8c5378e635b4375b3ddc",
      "regenChecked": true
    },
    "docs/decisions/INDEX.md": {
      "templateId": "",
      "templateHash": "",
      "configHash": "sha256:619a4dec6900da1feb21570a9a316b719f4802bf7686ce13e6cd6114d391b3e6",
      "outputHash": "sha256:21631ae292297500e055d3e4e409f8856d9230caf425a26694cbe67803248c66",
      "regenChecked": true
    },
    "docs/decisions/README.md": {
      "templateId": "adr-readme/README.md.tmpl",
      "templateHash": "sha256:d107d1e78874d4e7ac70537e08157443ad2afbf998fb387297e7a08e18b79066",
      "configHash": "sha256:6851ddeff5daac987a969adb2d0fb68969a3ac604c12029fece22d55e0c63f81",
      "outputHash": "sha256:c65736b462ccd83b28188f3597ee943d30ffa87a1f557de0668566553dd036fc"
    },
    "docs/decisions/template.md": {
      "templateId": "adr-template/template.md.tmpl",
      "templateHash": "sha256:c2424e9d835e7650a7279b5c43bd77673607d0754a0950f1d1fa221a4fc786a9",
      "configHash": "sha256:1fce85a26638fa742c348e6e90177404d88813920055a10122f9bf953ca6058f",
      "outputHash": "sha256:95f69f37810b8c4847e2879fc819922c125888b483c673c0a28a71641f792e56"
    },
    "docs/development.md": {
      "templateId": "docs/development.md.tmpl",
      "templateHash": "sha256:e99876e3d365ba66edef46749bfa80a81deb82810ccd660f00857e40bf26b108",
      "configHash": "sha256:36b5a22753141800a40189130242178f60489d60c0c9817e67dfd240fd5b4d04",
      "outputHash": "sha256:e9ed1d8b1a80a3dd282ec760150f7d55c512d88d3d46cf05dded90b807f510ff"
    },
    "docs/doc-standard.md": {
      "templateId": "docs/doc-standard.md.tmpl",
      "templateHash": "sha256:c326f75bb52686061eb254896ef244b3c717b58e7c6c686200fd0cc2ee94111a",
      "configHash": "sha256:3a50ca641dc310d7e390ffb25460a2cf7932a0558b63fcf49bf182f7a8fd4dbf",
      "outputHash": "sha256:ae2f4ef216766ae7822c894b54c51111a8d1354665d700e0d907e1ee4a6f85c9"
    },
    "docs/domains/adr-system.md": {
      "templateId": "",
      "templateHash": "",
      "configHash": "sha256:619a4dec6900da1feb21570a9a316b719f4802bf7686ce13e6cd6114d391b3e6",
      "outputHash": "sha256:4f13a07f9c82b32985708c1811ba3a9198960c66669be907cd52184ad696c10f",
      "regenChecked": true
    },
    "docs/domains/code-design.md": {
      "templateId": "",
      "templateHash": "",
      "configHash": "sha256:619a4dec6900da1feb21570a9a316b719f4802bf7686ce13e6cd6114d391b3e6",
      "outputHash": "sha256:f1b259d29646ae076dd3f8cf6172470ef896ae4d3a8cd1237ca8591d6b13a8be",
      "regenChecked": true
    },
    "docs/domains/config.md": {
      "templateId": "",
      "templateHash": "",
      "configHash": "sha256:619a4dec6900da1feb21570a9a316b719f4802bf7686ce13e6cd6114d391b3e6",
      "outputHash": "sha256:33052a1789cd7063ab45a1a9e97bcd4d14c7c0fe41f51a7d7ed34c499de34cb9",
      "regenChecked": true
    },
    "docs/domains/invariants.md": {
      "templateId": "",
      "templateHash": "",
      "configHash": "sha256:619a4dec6900da1feb21570a9a316b719f4802bf7686ce13e6cd6114d391b3e6",
      "outputHash": "sha256:d8bafd30a4e5ca40b9c9bd560df3a2d93b7a848478657f23cba05a0cd7b264c3",
      "regenChecked": true
    },
    "docs/domains/rendering.md": {
      "templateId": "",
      "templateHash": "",
      "configHash": "sha256:619a4dec6900da1feb21570a9a316b719f4802bf7686ce13e6cd6114d391b3e6",
      "outputHash": "sha256:626188dfdca10374c223e762703033ae296f838d5eb5525d2c63719a836c46ff",
      "regenChecked": true
    },
    "docs/domains/tooling.md": {
      "templateId": "",
      "templateHash": "",
      "configHash": "sha256:619a4dec6900da1feb21570a9a316b719f4802bf7686ce13e6cd6114d391b3e6",
      "outputHash": "sha256:05f4f6e535499c40f654545a07593438ae833ee2c4c87b8ede591103ebe19240",
      "regenChecked": true
    },
    "docs/glossary.md": {
      "templateId": "docs/glossary.md.tmpl",
      "templateHash": "sha256:c3fbdf37282efd67e147416cd72900eec9cf7c93b24e8e74a465d67b79051da2",
      "configHash": "sha256:9ebef51eb2e2f42cb40c4fdb20c991b3bbff5a015945500e01d826a5ac20748e",
      "outputHash": "sha256:657127240e7617df74d12ae9680955f286b868ca1f6d4198ef00206f038164bf"
    },
    "docs/maintainable-code-design.md": {
      "templateId": "docs/maintainable-code-design.md.tmpl",
      "templateHash": "sha256:2b46d3a4d584135229318dfac3464502507e53c52b50605f8ef689380ed348cb",
      "configHash": "sha256:99081b8b1f9f425565a044b0a7df1fdd075ce95f6c1397bb500a96a829c6c510",
      "outputHash": "sha256:a992aaf575d3f6465e938699e8ae795dece565f68c503b86d1f47c12165351fc"
    },
    "docs/pitfalls.md": {
      "templateId": "docs/pitfalls.md.tmpl",
      "templateHash": "sha256:ae7cad75f724728d7dcc6b042f4786cc2f199c4904223ee0c8bcc43914e870af",
      "configHash": "sha256:e7dd346909737d872e2dc039bc71b556c9a2ba3d196ee6927b2760083c1688ef",
      "outputHash": "sha256:76ee4240367d8bbcc734dbdc7965131e2ca318ea7dd65e7a5e39dbd99ef73171"
    },
    "docs/plans/README.md": {
      "templateId": "plans-readme/README.md.tmpl",
      "templateHash": "sha256:c7da2327cd711dd13ad57b9a6eb1b2426f987871b6fa6c0a8e47d622ed230dca",
      "configHash": "sha256:33f22ebf6e3ea2d21a20556ee4c1a018dc97a0d3676a78a4cdef60e2148b054d",
      "outputHash": "sha256:32752174b97d36c7e436869aceee1f1df6fcb069772e8e07caa42dfeb4b6ace7"
    },
    "docs/plans/template.md": {
      "templateId": "plans-template/template.md.tmpl",
      "templateHash": "sha256:f9d01988c627a84fc7a6edfba49f30891f75f7eac3f9a7585a23e1c37d234cc1",
      "configHash": "sha256:17391ab1e25e4398dce677492cc2a953a464c151122135bce9c509a18bcff583",
      "outputHash": "sha256:c928fd137e11a9c35f3a1a60e003795e037ee64b6c83f7a26aa7b0efa8e6da3c"
    },
    "docs/releasing.md": {
      "templateId": "docs/releasing.md.tmpl",
      "templateHash": "sha256:0683f8ceca62d4c5c91ce1058d1e2970f4336aced06b298b7ea3ef8cc328d78c",
      "configHash": "sha256:1cc7e7f8b3d32d477c1bf645581ee46aeeaa486accb4c9baa359ee4fdb1e8da1",
      "outputHash": "sha256:82e32a2095413dea1a0a4374d3b11fbac2c24cd680384dcaa05bb034805ab954"
    },
    "docs/roadmap.md": {
      "templateId": "docs/roadmap.md.tmpl",
      "templateHash": "sha256:26c7896fbc808c909083ceedc048ea5706a9252d32642d031bd816d7ef1cd511",
      "configHash": "sha256:5fb9154778bdaf4922c46646db077b085f2d213692e8651d5ac8f3c47cda7829",
      "outputHash": "sha256:ef5503d29eafe1c66f7f61e7c9770a3769d1e10a3cb3e7f42f70bc49c4f7bebf"
    },
    "docs/testing.md": {
      "templateId": "docs/testing.md.tmpl",
      "templateHash": "sha256:ea2b7fe392c4517ac58023e825bf795a64cdb735d3c7036aa9eef13ab0261f43",
      "configHash": "sha256:4caee1bfae4c0f367014dc9a3d9cc6ca886dea490eedbff4759962ffcb3868de",
      "outputHash": "sha256:0ad719dc5778ffb0fbacc054f4e4d08c90473d18518e6d948c3c3a68649a1785"
    },
    "docs/topics/adr-system/adr-lifecycle.md": {
      "templateId": "topics/topic.md.tmpl",
      "templateHash": "sha256:25b4ec23c7a22667f9d78b1e5883af8702d82f67896c3a42ac0ad19032d7c7bb",
      "configHash": "sha256:caf6769de318e39ae26c1e7ff15a2e676949c680ebf7d20759dbf2142a9d5bfd",
      "outputHash": "sha256:e56aeb0708f58304eb9a2fb72be48757fbe245a172ebf7b520a430af51f19604"
    },
    "docs/topics/adr-system/frontmatter.md": {
      "templateId": "topics/topic.md.tmpl",
      "templateHash": "sha256:25b4ec23c7a22667f9d78b1e5883af8702d82f67896c3a42ac0ad19032d7c7bb",
      "configHash": "sha256:a2b586b651611dbdc73c855b75f7faa5b6e4e185c83ae8015be303455d6f28a5",
      "outputHash": "sha256:2021ea835aa432f2e5d926f05aed09e869df9941501734193ec736dcd503336b"
    },
    "docs/topics/adr-system/index.md": {
      "templateId": "topics/index.md.tmpl",
      "templateHash": "sha256:58a9398b187ea9c7c2c3321299b70f8e6faf3f06778c44e6a2232224f3481ab1",
      "configHash": "sha256:afa9a390e7c0ef290ee51c4a9c6a3c4b1c4fa62922ca7d5e7011a142500fd586",
      "outputHash": "sha256:559f20f578eaba7a7c911c5c1a1d60c8aba7dd3d8c055eb1223b33a30ffbfc3b"
    },
    "docs/topics/adr-system/plan-artifacts.md": {
      "templateId": "topics/topic.md.tmpl",
      "templateHash": "sha256:25b4ec23c7a22667f9d78b1e5883af8702d82f67896c3a42ac0ad19032d7c7bb",
      "configHash": "sha256:8eb204bfab43b5fe6ca270138310ca9fafacd2cc436d39fab198a7881c96f49a",
      "outputHash": "sha256:19be828c545b941875e95229d6b87ff25115e86f4dc83e706264f8b4a0dff973"
    },
    "docs/topics/code-design/dependency-composition.md": {
      "templateId": "topics/topic.md.tmpl",
      "templateHash": "sha256:25b4ec23c7a22667f9d78b1e5883af8702d82f67896c3a42ac0ad19032d7c7bb",
      "configHash": "sha256:c2fdc17c9e66ff80de863a0fa46ad785ebfc0c3416d48d2d114a7d047590b8ba",
      "outputHash": "sha256:42b4bfdb66740a5c57a88847b44fef1cd28155ba79fdecbe1a6ef1b889457c1d"
    },
    "docs/topics/code-design/index.md": {
      "templateId": "topics/index.md.tmpl",
      "templateHash": "sha256:58a9398b187ea9c7c2c3321299b70f8e6faf3f06778c44e6a2232224f3481ab1",
      "configHash": "sha256:15829759b5244ca277f5ee6a161087f72e40ad1bbbfeec6a311499df097326d1",
      "outputHash": "sha256:e9a837e5d185b9fdd0327b4fad94dad0fe4513b31413c400a24b8ef6e9b5e491"
    },
    "docs/topics/code-design/single-home.md": {
      "templateId": "topics/topic.md.tmpl",
      "templateHash": "sha256:25b4ec23c7a22667f9d78b1e5883af8702d82f67896c3a42ac0ad19032d7c7bb",
      "configHash": "sha256:89505868ac62947e460ef216bc1a48d130eae4692d8551184cc8cf053b3c92a6",
      "outputHash": "sha256:d0988f48390948b27648b7cf3e2b9eccdd8478318bc39d77cb9877f6ef6eb097"
    },
    "docs/topics/code-design/state-ownership.md": {
      "templateId": "topics/topic.md.tmpl",
      "templateHash": "sha256:25b4ec23c7a22667f9d78b1e5883af8702d82f67896c3a42ac0ad19032d7c7bb",
      "configHash": "sha256:1ef80d00e6bf91002add7e3d25f0da2123099718b7e284207437a14f7065bcf6",
      "outputHash": "sha256:9f3e51896437f35a8cf0b47c13451cd706742cd4424337360f826cc30e574a10"
    },
    "docs/topics/config/configspec-and-reference.md": {
      "templateId": "topics/topic.md.tmpl",
      "templateHash": "sha256:25b4ec23c7a22667f9d78b1e5883af8702d82f67896c3a42ac0ad19032d7c7bb",
      "configHash": "sha256:48e8c5eb033aebf483418c211afb5fc5e8b54c89db2eadfc7f9429bfd5e8f1d4",
      "outputHash": "sha256:e9f99b0d87b7990977fb19f446831395a5ca98ac79eb8ee89eb013eb73e2a3eb"
    },
    "docs/topics/config/configuration.md": {
      "templateId": "topics/topic.md.tmpl",
      "templateHash": "sha256:25b4ec23c7a22667f9d78b1e5883af8702d82f67896c3a42ac0ad19032d7c7bb",
      "configHash": "sha256:c1b5edac13382d73d52019dadc8dba9ba29f62208737d90f117f47f0ad70f3a6",
      "outputHash": "sha256:af2ab3f3f60157ce64bf605e8d560e875d7ef10d67c5ad3f2ed7f623e32bc270"
    },
    "docs/topics/config/index.md": {
      "templateId": "topics/index.md.tmpl",
      "templateHash": "sha256:58a9398b187ea9c7c2c3321299b70f8e6faf3f06778c44e6a2232224f3481ab1",
      "configHash": "sha256:332addeae84cff5995fbfa9c2aa2ec4cf8e95d53319fd8a70635a5c187a6674d",
      "outputHash": "sha256:5a7a43d233afc22a96fddb0a63ec647f98fb9c7e629abf8d715bab7059c62946"
    },
    "docs/topics/config/migrations-and-locks.md": {
      "templateId": "topics/topic.md.tmpl",
      "templateHash": "sha256:25b4ec23c7a22667f9d78b1e5883af8702d82f67896c3a42ac0ad19032d7c7bb",
      "configHash": "sha256:538aa56df3464e039e0682ab5868a998788191cb403b0b018d8c62d179d505fd",
      "outputHash": "sha256:a067334b6da98ace4eae606b595913fef6512d87bdc4bbcf0ade22edff90e06b"
    },
    "docs/topics/config/validation.md": {
      "templateId": "topics/topic.md.tmpl",
      "templateHash": "sha256:25b4ec23c7a22667f9d78b1e5883af8702d82f67896c3a42ac0ad19032d7c7bb",
      "configHash": "sha256:7b5ebe7b834c8853870406ad6a82402ee376fcca5f8714672d2c23825c5f272d",
      "outputHash": "sha256:b51decd42402ed05b22a0232f70e6108311cd560e9325e3ddb6cb6d6449cc93a"
    },
    "docs/topics/invariants/current-state-authority.md": {
      "templateId": "topics/topic.md.tmpl",
      "templateHash": "sha256:25b4ec23c7a22667f9d78b1e5883af8702d82f67896c3a42ac0ad19032d7c7bb",
      "configHash": "sha256:be6148d95c5fda36b1ab32893c287510a26d1dfda24a6ab30712a23f7d757453",
      "outputHash": "sha256:ee519e21e06f4cd7630268a8dea91320364093b5e475a7618fa8c63e79fce31f"
    },
    "docs/topics/invariants/index.md": {
      "templateId": "topics/index.md.tmpl",
      "templateHash": "sha256:58a9398b187ea9c7c2c3321299b70f8e6faf3f06778c44e6a2232224f3481ab1",
      "configHash": "sha256:6a3c2ab54f4c739a034c5fc0b8ab58d788f3a13a050504d15736ef18c4c85af7",
      "outputHash": "sha256:32b0fdf6b37e3b83238f61182724b5d771378203bf6ed9368001b28a6feaacf4"
    },
    "docs/topics/invariants/topics-and-markers.md": {
      "templateId": "topics/topic.md.tmpl",
      "templateHash": "sha256:25b4ec23c7a22667f9d78b1e5883af8702d82f67896c3a42ac0ad19032d7c7bb",
      "configHash": "sha256:c025f948e9b3ac9c668b0d44cb64f356860f338622f6a01ac0729b23a20e1971",
      "outputHash": "sha256:a6d7ed971805c8c7e67e694379e44d47e334a74edd73626ba371a644a9d3d321"
    },
    "docs/topics/rendering/adapter-outputs.md": {
      "templateId": "topics/topic.md.tmpl",
      "templateHash": "sha256:25b4ec23c7a22667f9d78b1e5883af8702d82f67896c3a42ac0ad19032d7c7bb",
      "configHash": "sha256:36afdac7ba646a1f5eadc2df8f09e04a09a72089fe621c0af7c24d726abb91f0",
      "outputHash": "sha256:3b6fa417111a9f1c2f6843f8abafb6fe2e50371e831bf4bd9b72ed7aaefa8428"
    },
    "docs/topics/rendering/catalog-and-targets.md": {
      "templateId": "topics/topic.md.tmpl",
      "templateHash": "sha256:25b4ec23c7a22667f9d78b1e5883af8702d82f67896c3a42ac0ad19032d7c7bb",
      "configHash": "sha256:040e22cc6ee20c83eed94a731f38a5b13b3161ca8bd18cf466ceff988c496367",
      "outputHash": "sha256:a8d72454f3b521d8929f73ea39b090a417cb2dd9eef92a06aa8b1ecc9d850bb4"
    },
    "docs/topics/rendering/companion-scripts.md": {
      "templateId": "topics/topic.md.tmpl",
      "templateHash": "sha256:25b4ec23c7a22667f9d78b1e5883af8702d82f67896c3a42ac0ad19032d7c7bb",
      "configHash": "sha256:02c29930eb43af4e8100e5a9dff3ff0c1a617e7b59d9e50197de26ad92327d32",
      "outputHash": "sha256:9b1fa681b5ac1f0b02aa1c3a93c546625964d58141ffc25f8c31c68bbc5a31ff"
    },
    "docs/topics/rendering/doc-outputs.md": {
      "templateId": "topics/topic.md.tmpl",
      "templateHash": "sha256:25b4ec23c7a22667f9d78b1e5883af8702d82f67896c3a42ac0ad19032d7c7bb",
      "configHash": "sha256:8fff553c99e1fcc6b56b46eb39996aa8e130ed1de4c24f75dce6c3a22d9959b9",
      "outputHash": "sha256:08025b8f354aedd0ab12e651be8acd0816cb488817f072eb413ef215154b0a6a"
    },
    "docs/topics/rendering/guide-and-doc-templates.md": {
      "templateId": "topics/topic.md.tmpl",
      "templateHash": "sha256:25b4ec23c7a22667f9d78b1e5883af8702d82f67896c3a42ac0ad19032d7c7bb",
      "configHash": "sha256:cdbbd034018a03968c87f3da2215da56d6f33a62ef15fdf9fc090ed2b0ea4426",
      "outputHash": "sha256:515b453c8fa4eb9ffe0a99c9d2df7f5b9b17fec1f0c23793d4605b36cf159630"
    },
    "docs/topics/rendering/index.md": {
      "templateId": "topics/index.md.tmpl",
      "templateHash": "sha256:58a9398b187ea9c7c2c3321299b70f8e6faf3f06778c44e6a2232224f3481ab1",
      "configHash": "sha256:cf52e0c38207d084a8588b68d35f209ffb6f598fe7010bce521070eee03e868f",
      "outputHash": "sha256:f1bf341858e515cde14947d6db25e762c9a3e12cc4d053ef857a637f0d1de482"
    },
    "docs/topics/rendering/inplace-and-placeholders.md": {
      "templateId": "topics/topic.md.tmpl",
      "templateHash": "sha256:25b4ec23c7a22667f9d78b1e5883af8702d82f67896c3a42ac0ad19032d7c7bb",
      "configHash": "sha256:24a011d845705854da5abfe4612fe1d3f81767fd5765588a428cf970c52dabe1",
      "outputHash": "sha256:bad07a6db1b88a207903b00e29b8674d686631eb533acecab13c289357255533"
    },
    "docs/topics/rendering/local-artifacts.md": {
      "templateId": "topics/topic.md.tmpl",
      "templateHash": "sha256:25b4ec23c7a22667f9d78b1e5883af8702d82f67896c3a42ac0ad19032d7c7bb",
      "configHash": "sha256:b4aefc1be472c3a83f9ccb34a500a3e8445b26c3d950d9e9ba1cc2ff181070b7",
      "outputHash": "sha256:cbac59bc046760a0fd71055a99fb70119af1ed3fbc77dd80ed5ba31f2bbe9034"
    },
    "docs/topics/rendering/pi-runtime.md": {
      "templateId": "topics/topic.md.tmpl",
      "templateHash": "sha256:25b4ec23c7a22667f9d78b1e5883af8702d82f67896c3a42ac0ad19032d7c7bb",
      "configHash": "sha256:8d6f593d9537535460ce905ce8d3ee656be589d41473f4fdda4d8d3a73898ef6",
      "outputHash": "sha256:ffca0e44951dc8cd3219850048dd190789d08cfb72610e301766e3bcd8ba8657"
    },
    "docs/topics/rendering/pi-workflows.md": {
      "templateId": "topics/topic.md.tmpl",
      "templateHash": "sha256:25b4ec23c7a22667f9d78b1e5883af8702d82f67896c3a42ac0ad19032d7c7bb",
      "configHash": "sha256:809fe7ce60a12ba0631115259a3ea5168b15da2f13df79e9b9be985ecc7f1080",
      "outputHash": "sha256:6e0dad0cfc855ce40ce8d50fb6a59ef5e64f6430a5c14c8506581e809de20a13"
    },
    "docs/topics/rendering/project-output-plan.md": {
      "templateId": "topics/topic.md.tmpl",
      "templateHash": "sha256:25b4ec23c7a22667f9d78b1e5883af8702d82f67896c3a42ac0ad19032d7c7bb",
      "configHash": "sha256:7f53e60f16aae23d7124260a38a2020ede73cd173249b46a6daee358a2877ff6",
      "outputHash": "sha256:aae020e2f1fe2257d331822eed9dea5b2e2b775753bdb622674bf1b2716a6dc8"
    },
    "docs/topics/rendering/render-engine.md": {
      "templateId": "topics/topic.md.tmpl",
      "templateHash": "sha256:25b4ec23c7a22667f9d78b1e5883af8702d82f67896c3a42ac0ad19032d7c7bb",
      "configHash": "sha256:e9bfb8b2874fde3178f434e2d5a96b8688eb22502c5c3a35aba803332ac5cba9",
      "outputHash": "sha256:29a3c5dd5a514b63e2d31e9627d22882f05d22a23d796a211df4ff3349864105"
    },
    "docs/topics/rendering/singletons-and-payloads.md": {
      "templateId": "topics/topic.md.tmpl",
      "templateHash": "sha256:25b4ec23c7a22667f9d78b1e5883af8702d82f67896c3a42ac0ad19032d7c7bb",
      "configHash": "sha256:87050ad4ba3c7d3ab98a49fd3f37c82c0d2b32bf9024e1bb93caf32086419f29",
      "outputHash": "sha256:8ab0cf5265bf906adf785dca7a85eaff39171659d073a9cab58362df2eb23862"
    },
    "docs/topics/rendering/sync-and-drift.md": {
      "templateId": "topics/topic.md.tmpl",
      "templateHash": "sha256:25b4ec23c7a22667f9d78b1e5883af8702d82f67896c3a42ac0ad19032d7c7bb",
      "configHash": "sha256:cba8bf7cc0bf1502f0b14bed3f07f605ba0b025d3df6aeca79f93ecce3b7023e",
      "outputHash": "sha256:d0a4c0354da8324456f7c773d3f6ca7e0aec48a7a464db0059376a2f3d5a8b69"
    },
    "docs/topics/rendering/templates.md": {
      "templateId": "topics/topic.md.tmpl",
      "templateHash": "sha256:25b4ec23c7a22667f9d78b1e5883af8702d82f67896c3a42ac0ad19032d7c7bb",
      "configHash": "sha256:50d30450d6d727b323342edbf3f1052c38cb40573ed716ed7abc0d146e1cacf4",
      "outputHash": "sha256:2ba57ff6b57a97b4ead14c71f57b2aa3e29a2f1df555b1c22b5f2ab9b8000fb0"
    },
    "docs/topics/rendering/workflow-skill-templates.md": {
      "templateId": "topics/topic.md.tmpl",
      "templateHash": "sha256:25b4ec23c7a22667f9d78b1e5883af8702d82f67896c3a42ac0ad19032d7c7bb",
      "configHash": "sha256:f868df62fed1f40d77849feefc7027eee0f1f7e5488b4c3119c63d0a5896a931",
      "outputHash": "sha256:36c2de9c21e85f855c13f94adcbbb1997a8303cbd83b3f721b47c135d3d4f9bf"
    },
    "docs/topics/tooling/audit-and-snapshots.md": {
      "templateId": "topics/topic.md.tmpl",
      "templateHash": "sha256:25b4ec23c7a22667f9d78b1e5883af8702d82f67896c3a42ac0ad19032d7c7bb",
      "configHash": "sha256:4b95aa154cae8079874c30c24e424d6f232be7ba2be1539a0125864a6f7e17a8",
      "outputHash": "sha256:fa575b3a337ff5618eeba13505d2fcb6cc172f4b94ab437152311609ae0fcbb7"
    },
    "docs/topics/tooling/audit-commands.md": {
      "templateId": "topics/topic.md.tmpl",
      "templateHash": "sha256:25b4ec23c7a22667f9d78b1e5883af8702d82f67896c3a42ac0ad19032d7c7bb",
      "configHash": "sha256:9a6064e93bd45d1dbb99107a95dae8feec2d8f0ba92b5f77ced180c80f33d04c",
      "outputHash": "sha256:7acd66c270e9419274f5abd3a0c2f983e18d0cab5299752f0fb125fee45c00c8"
    },
    "docs/topics/tooling/changelog-and-release.md": {
      "templateId": "topics/topic.md.tmpl",
      "templateHash": "sha256:25b4ec23c7a22667f9d78b1e5883af8702d82f67896c3a42ac0ad19032d7c7bb",
      "configHash": "sha256:d6d312019723f50def288427b4073f15799c0c14b1c0411c1057d6cda47c0040",
      "outputHash": "sha256:6e71d457ad2760d5105db290325d94a3e153533a2d343eb4126b467db22eae17"
    },
    "docs/topics/tooling/cli.md": {
      "templateId": "topics/topic.md.tmpl",
      "templateHash": "sha256:25b4ec23c7a22667f9d78b1e5883af8702d82f67896c3a42ac0ad19032d7c7bb",
      "configHash": "sha256:7391986003774f7fe306566ffd3c59fc9959728579c68aa69e7ed63a3659b1e1",
      "outputHash": "sha256:6cb73064646b8f1c369beb269f2c98cc89bcbeba2171ce66c20af024c43f18e7"
    },
    "docs/topics/tooling/context-and-topic.md": {
      "templateId": "topics/topic.md.tmpl",
      "templateHash": "sha256:25b4ec23c7a22667f9d78b1e5883af8702d82f67896c3a42ac0ad19032d7c7bb",
      "configHash": "sha256:bad2486c1fb43290f6194183b7b38fe24aff99fc52cea1f9afb0f79922d5724b",
      "outputHash": "sha256:29ebcbe9b6ebdc1f8dcd88e13cdc7a934907e31ce5b7fc7db286a6046364c0a0"
    },
    "docs/topics/tooling/effort-management.md": {
      "templateId": "topics/topic.md.tmpl",
      "templateHash": "sha256:25b4ec23c7a22667f9d78b1e5883af8702d82f67896c3a42ac0ad19032d7c7bb",
      "configHash": "sha256:6461c5116321f727eea449ae2c17f7b07911122d42d248632611e5cd2734c232",
      "outputHash": "sha256:a785a82a618bc3e8fb2ca046db8ce19812fa033ae3954b1c952701e96be1a919"
    },
    "docs/topics/tooling/evaluations.md": {
      "templateId": "topics/topic.md.tmpl",
      "templateHash": "sha256:25b4ec23c7a22667f9d78b1e5883af8702d82f67896c3a42ac0ad19032d7c7bb",
      "configHash": "sha256:26c21f6325abecbcbfded777a861c8abeaf3109940e39ec2618bc30a89966e50",
      "outputHash": "sha256:f2d8d6d9e2c01c558e709f63d23e241b231a48d0d1006ef7d8c2f0fc8ebd934f"
    },
    "docs/topics/tooling/index.md": {
      "templateId": "topics/index.md.tmpl",
      "templateHash": "sha256:58a9398b187ea9c7c2c3321299b70f8e6faf3f06778c44e6a2232224f3481ab1",
      "configHash": "sha256:64c1c45cef7a1e5df9e05ac74cfbf238e62e8165c103f5e26ad4f25ae39a8c4b",
      "outputHash": "sha256:ffde4fa0d1c40c7f22e72e6e933542749f20508e654977fa2599d225551202be"
    },
    "docs/topics/tooling/init-and-enablement.md": {
      "templateId": "topics/topic.md.tmpl",
      "templateHash": "sha256:25b4ec23c7a22667f9d78b1e5883af8702d82f67896c3a42ac0ad19032d7c7bb",
      "configHash": "sha256:d9098314da5dff0ae7c9eede8de8e348a76ce060862554f348abdf88787f0814",
      "outputHash": "sha256:5c2fc559004c4cab7c709b73d091b2d7155cb9c0e381b960d8c2c92268124819"
    },
    "docs/topics/tooling/quality-gates.md": {
      "templateId": "topics/topic.md.tmpl",
      "templateHash": "sha256:25b4ec23c7a22667f9d78b1e5883af8702d82f67896c3a42ac0ad19032d7c7bb",
      "configHash": "sha256:8a227088a6165414f53a39c5eb8b01562a73f90e4f15d59c98d1c02f6db19e40",
      "outputHash": "sha256:c3e018eb14d0c593e47ced9f088901a8c47e1167ea7c22450e1a94594f27e988"
    },
    "docs/topics/tooling/test-infrastructure.md": {
      "templateId": "topics/topic.md.tmpl",
      "templateHash": "sha256:25b4ec23c7a22667f9d78b1e5883af8702d82f67896c3a42ac0ad19032d7c7bb",
      "configHash": "sha256:0b37a9f73904f3a6b65ac3c99a1eeb396e3ec9883fa1f11850c9c3023526763d",
      "outputHash": "sha256:66137933da0b1d2376b8fe305edab2c4964813677d6f7993fedca755afbca981"
    },
    "docs/topics/tooling/upgrade-runtime.md": {
      "templateId": "topics/topic.md.tmpl",
      "templateHash": "sha256:25b4ec23c7a22667f9d78b1e5883af8702d82f67896c3a42ac0ad19032d7c7bb",
      "configHash": "sha256:eac7d4d2d4ae1249217b52a8786305cb96fba6d62f11a943edfd0c0b196bb187",
      "outputHash": "sha256:3d4184cedc7ab3d77bd182da2ec902cf174c0df185afd4c802975808d32e60a0"
    },
    "docs/workflow.md": {
      "templateId": "docs/workflow.md.tmpl",
      "templateHash": "sha256:6f12fbc31cf0245d40c1f291bb66df2de5aa5a254a555100598b10cb5021e30a",
      "configHash": "sha256:20ce555b45294e3b3c9a508dd71b1c67280316c9b902861062a1204d8325f2ae",
      "outputHash": "sha256:9724a5ae8514bbbb6f07658b0531c35d5f6ef65371ca58c66bf9319c80810354"
    },
    "docs/working-with-awf.md": {
      "templateId": "docs/working-with-awf.md.tmpl",
      "templateHash": "sha256:526c9a98b1463782e54fe2583ea4daddc80e1d380810bb9ffebbb040cc2aa160",
      "configHash": "sha256:78319d359a60b45a7d05cc75bda3f9e336e78e68e507bfa495f6c7c9595d50e8",
      "outputHash": "sha256:7562d32bfbbb10bf5895886cb6c2e43a719788224b44f4a929f0eb90cfa3b235"
    }
  },
  "adrFormatV1From": 137,
  "adrFormatV2From": 144,
  "legacyAdrGaps": []
}
