{
  "awfVersion": "0.1.0",
  "schemaVersion": 3,
  "files": {
    ".claude/agents/adr-reviewer.md": {
      "templateId": "agents/adr-reviewer.md.tmpl",
      "templateHash": "sha256:460b1c8d8eabe35b3bdbde3366bccfc8478e0ddbf0834e857fae93eb228f8788",
      "configHash": "sha256:c205a1c9b334697592a0beaa203804f82730fda7da64b849b7e4b224689a9ba8",
      "outputHash": "sha256:2cf10244095e3fe2b037a8a00e0b26f5139f1bd1367fa0b54b9c85599f9d85db"
    },
    ".claude/agents/code-reviewer.md": {
      "templateId": "agents/code-reviewer.md.tmpl",
      "templateHash": "sha256:25897ffb27a02d5043fb22295ff4cb8a23b024a0c6f07b291b803b80a1bb3e6d",
      "configHash": "sha256:c49f1982ed2afa5a1fb12e0717d397c75e35f954c0d6354f55edd543c927d66d",
      "outputHash": "sha256:13bfb92f43794faaa54861f0458dc08690a2e658c4ce059fd2165d18accc5720"
    },
    ".claude/agents/plan-reviewer.md": {
      "templateId": "agents/plan-reviewer.md.tmpl",
      "templateHash": "sha256:a5068602a3cd0aef8c7549b32da97ff8a4e53fea8c49774a087da60846d8044a",
      "configHash": "sha256:07e80e3f2fc69fcd7229bacdcffd3351447017f4c9cd0bf6761d2ad0b5541328",
      "outputHash": "sha256:a4684a6d729837d81dc01273e0ed389846d968014dcdfd40c48faedf9608b2dc"
    },
    ".claude/skills/awf-adr-lifecycle/SKILL.md": {
      "templateId": "skills/adr-lifecycle/SKILL.md.tmpl",
      "templateHash": "sha256:64e7da913a2a7816cc515ecf861e50a080220a123785e1ad9d633581a216f97b",
      "configHash": "sha256:300e3dc82ee2fc383851258783cb2a65bf4becc8892d30710e3a2288fdc5eedd",
      "outputHash": "sha256:d728508d9a95c273d483e6ee1d40c08040898e9fbd2620ed1143f006f58289cc"
    },
    ".claude/skills/awf-brainstorming/SKILL.md": {
      "templateId": "skills/brainstorming/SKILL.md.tmpl",
      "templateHash": "sha256:eb83c180a4d9b756fbbc356370571e2817f71543f86749093a67794d6c6f6fad",
      "configHash": "sha256:8695aa7cc1ec86bcf5afb1516c1ffb6c0f363e84eaee9ceef7acb7d6cbde049c",
      "outputHash": "sha256:a416efdb3b9287303c0fd8e8281d299ea8cd2c4cca5815f0bde3e34e65b97e9d"
    },
    ".claude/skills/awf-bugfix/SKILL.md": {
      "templateId": "skills/bugfix/SKILL.md.tmpl",
      "templateHash": "sha256:b445dbb44fef942d01b6077f2e61ba21bc2380250a0ffd9160aa30842bf30bb6",
      "configHash": "sha256:0198684a39eda0e574061ff6c4070b3746709b7481ed9a3c1a4094a75e48d7b4",
      "outputHash": "sha256:1a6783adfaa4f09324fc0e1764fe6d3fb65bee8addc4692c31dce4a97c05ca3d"
    },
    ".claude/skills/awf-debugging/SKILL.md": {
      "templateId": "skills/debugging/SKILL.md.tmpl",
      "templateHash": "sha256:352c4de558007f4f850da2a1cbc9194a953373c165a67bfa28d118e7a5c6b60b",
      "configHash": "sha256:9f30f66c1ed264ac6dd2698e0852a912435954a74b2fa0c1522a91a53e280d11",
      "outputHash": "sha256:1806efdf48a8229d4f780e531c7477ea65bb545399c671f5832fd13a39aee4c4"
    },
    ".claude/skills/awf-executing-plans/SKILL.md": {
      "templateId": "skills/executing-plans/SKILL.md.tmpl",
      "templateHash": "sha256:3634a8cda45775bf640e74338b6f9a14ce6e86f6ac17842818b028f3eac8c52c",
      "configHash": "sha256:dd36ce09d809bc680a32afec5758e353f2b01fe77065156774a962110192f507",
      "outputHash": "sha256:48daf1f845e775e69800d1b49e2681024f36ff683ca09afa9ceb4c873a01caa4"
    },
    ".claude/skills/awf-proposing-adr/SKILL.md": {
      "templateId": "skills/proposing-adr/SKILL.md.tmpl",
      "templateHash": "sha256:628631fa0edc508ff07768a4b7bba21d55dd2d7afa893ec82f6bf2b98af8454e",
      "configHash": "sha256:75f3d3a62cc7fc291594a93722f92900217eda5056afb18349a4f805d9da7850",
      "outputHash": "sha256:e31febf9be36a0f1a9d49faec2b4c52bce7bb99aa219562fc5fd233908699d48"
    },
    ".claude/skills/awf-refactor-coupling-audit/SKILL.md": {
      "templateId": "skills/refactor-coupling-audit/SKILL.md.tmpl",
      "templateHash": "sha256:75d9d3aba9383cf576d24219ba2c5bb7d8d63e15cd6c2bd0ab9e4830f70c5e20",
      "configHash": "sha256:6a50f21afc0aa3d1e27ea73ad1263001edeb0aabf2a1acea44229801caf53bfc",
      "outputHash": "sha256:3f05c917202f3677c15ebe47dd7380d19f00a477991ee2f02f27eced9ec07259"
    },
    ".claude/skills/awf-reviewing-adr/SKILL.md": {
      "templateId": "skills/reviewing-adr/SKILL.md.tmpl",
      "templateHash": "sha256:5e0665edb6a0309cbbdb3affd9244e107c3e7f3350d54d4a8e2dd7fddb3df479",
      "configHash": "sha256:7061a5961a4bd3882c408771c117318d7517fc3dbfcdb65d90f117b72ab5dacd",
      "outputHash": "sha256:8b6b81b620bf5a566adaff3bed78a8fcbe0dec0fc6a2bec4a2071a5260e70708"
    },
    ".claude/skills/awf-reviewing-impl/SKILL.md": {
      "templateId": "skills/reviewing-impl/SKILL.md.tmpl",
      "templateHash": "sha256:589f5ccf6b66d7cb8db0622226e0361b79f4a1c75cd855413fbea231eb9f331c",
      "configHash": "sha256:f90e004e798ece5d9931a419bbb094351da2467aa9c48b3f65c119307184a844",
      "outputHash": "sha256:5c0eed94d643e2812bd1a030b255ef00ce1c33b2fdca27b04164070c6a956ef3"
    },
    ".claude/skills/awf-reviewing-plan-resync/SKILL.md": {
      "templateId": "skills/reviewing-plan-resync/SKILL.md.tmpl",
      "templateHash": "sha256:7c8b9dc8e85f755d21c1677cd3eedada88bdfd2e9fb87b6dada1140163508d12",
      "configHash": "sha256:7061a5961a4bd3882c408771c117318d7517fc3dbfcdb65d90f117b72ab5dacd",
      "outputHash": "sha256:0ff01a74907d68a86447904dfd79ee9999a8f343094bd4236aa5ac3d46ed981f"
    },
    ".claude/skills/awf-reviewing-plan/SKILL.md": {
      "templateId": "skills/reviewing-plan/SKILL.md.tmpl",
      "templateHash": "sha256:fc5e9547fe27012ddd1cffc1fe54840e222fd7a2b5bc0c1b4ddde1406e9b46dc",
      "configHash": "sha256:7061a5961a4bd3882c408771c117318d7517fc3dbfcdb65d90f117b72ab5dacd",
      "outputHash": "sha256:70f0bac5e50b43bdd8ee97a5f8a2bd03db864c8ce20457d4f2b712fb818e6b61"
    },
    ".claude/skills/awf-subagent-driven-development/SKILL.md": {
      "templateId": "skills/subagent-driven-development/SKILL.md.tmpl",
      "templateHash": "sha256:7c50b681da0401e80eb47030b15b2f4b460a687eb432673543a4897517f74a98",
      "configHash": "sha256:a4c28a0d8f1de54bcd12ed20065a2b35c4e7545c7d060d98d5586e919e1221b0",
      "outputHash": "sha256:c9f0b94222b7cf707cb802ba4a0f22f92795859a16a68611bad65d032cfd0dfb"
    },
    ".claude/skills/awf-tdd/SKILL.md": {
      "templateId": "skills/tdd/SKILL.md.tmpl",
      "templateHash": "sha256:2d36021678325645cb11fd4007fd27ac970ca7498dc26bbe16929a0234708bd5",
      "configHash": "sha256:e187d8e00bd5fc9a8459a89876462c6db50810dd40fff06346145a2f959327bc",
      "outputHash": "sha256:57e6dd4d62e4dc651cc15ad97c260a1c9fd256294e9e8c3702efcd91be55030c"
    },
    ".claude/skills/awf-writing-plans/SKILL.md": {
      "templateId": "skills/writing-plans/SKILL.md.tmpl",
      "templateHash": "sha256:a8be5dec3dd850839d63d260e5d1bb2b699c74c47058bd3dc7903442a7fd1c08",
      "configHash": "sha256:a96e5f87965ccfe9f236fe09e531a78a48c468054b756fe73c36ddd5c497cd18",
      "outputHash": "sha256:9f2d243eb20dcd2e1bfa8c3cbede5a07b133ce227e17d26e10f105ba53cef694"
    },
    ".githooks/pre-commit": {
      "templateId": "hooks/pre-commit.tmpl",
      "templateHash": "sha256:d92c75eabd2f3c5bf259a862647b69e393c40c7e0e5ff9adc96863abbea68be1",
      "configHash": "sha256:f077569a0057826676e999dceb29e2c8d3a85c6ccd2c0edf42e95b905bb72458",
      "outputHash": "sha256:0ac2c51234c486a3e7a59dee86962c57a99b129d1ba44aa2cc259156a7eb733f"
    },
    ".githooks/pre-push": {
      "templateId": "hooks/pre-push.tmpl",
      "templateHash": "sha256:4b76f2ce00b7ff4d2e4b9b859c524477b95660cfb7c2b4297f91a4ed6f2d22af",
      "configHash": "sha256:9c9de71328e58a7fc12417dfe00dde937488954746b5dc51faa20e4153145b24",
      "outputHash": "sha256:b91c85d54b78f9ec15466c088b06cd62fb042f9246c0120cf9229e0dcfd90437"
    },
    "AGENTS.md": {
      "templateId": "agents-doc/AGENTS.md.tmpl",
      "templateHash": "sha256:058b6a7cabb9918d3ddcbe123bf82f56a4f2ac706e5d76bd60b7d164bbb26b63",
      "configHash": "sha256:cd11a065790be065aa85d42af9e21ad6f93f6460289459c6be291f106a1426fe",
      "outputHash": "sha256:62513000c145d773e7caf2173e3c4a75491157fe5cf355649d043385fc5077aa"
    },
    "CLAUDE.md": {
      "templateId": "claude/CLAUDE.md.tmpl",
      "templateHash": "sha256:336cc4fbf19beaada7ccf9986414fa91851a8d7a07dfb3ccbe800a69eed0ab49",
      "configHash": "sha256:8695aa7cc1ec86bcf5afb1516c1ffb6c0f363e84eaee9ceef7acb7d6cbde049c",
      "outputHash": "sha256:8696264d88c2c76c2ba01e2c6912b017f307db2e80a296c6e090c423a7e54b06"
    },
    "docs/agents-md-standard.md": {
      "templateId": "docs/agents-md-standard.md.tmpl",
      "templateHash": "sha256:e74ca2081e921dd14d5ff94b178d6550e3c228e7c40946acb2eacff15c2b1a6f",
      "configHash": "sha256:8695aa7cc1ec86bcf5afb1516c1ffb6c0f363e84eaee9ceef7acb7d6cbde049c",
      "outputHash": "sha256:bdda11b245627ab9602e421ae7001cfb9d5d0dae04139d40e763bb2f15ef50b7"
    },
    "docs/architecture.md": {
      "templateId": "docs/architecture.md.tmpl",
      "templateHash": "sha256:b70350c57947d2ca77f239679dc889dbef00d8e23705e985f3c302fea56cd83e",
      "configHash": "sha256:05a1a94f0f908e7decaf986d1973fcb01413ba5c8485462ee55382066c673df2",
      "outputHash": "sha256:92c27b3a08c996d9b6a2454ac4281ba66172d0c3835d93b962b62cbec01aef09"
    },
    "docs/decisions/ACTIVE.md": {
      "templateId": "",
      "templateHash": "",
      "configHash": "",
      "outputHash": "sha256:cadfdafa7d390b9e4c41bd8afc2aaa07de4b34d4d7bfaebba86b138324771f3f"
    },
    "docs/decisions/README.md": {
      "templateId": "adr-readme/README.md.tmpl",
      "templateHash": "sha256:d49559c19e3c2fc6b20189ca8a560108ac22a3899eda2cfdf849006cdb831e7a",
      "configHash": "sha256:6fbccbe262064051dc5a640ba54a0060716a762a958c01dc7f599c83898b3da2",
      "outputHash": "sha256:15b218118c04a70d57a28c91df112ff6a86a3ca3bf60fdb5a6e588ca285c741b"
    },
    "docs/decisions/template.md": {
      "templateId": "adr-template/template.md.tmpl",
      "templateHash": "sha256:584940bda9ce3488da6e0d6faf1410f1d591db894a07272339007d087424beeb",
      "configHash": "sha256:8695aa7cc1ec86bcf5afb1516c1ffb6c0f363e84eaee9ceef7acb7d6cbde049c",
      "outputHash": "sha256:dc1f169b787c8e2586ccf377ff9a7dff31b72db222a78f012eb41d884dfa0225"
    },
    "docs/development.md": {
      "templateId": "docs/development.md.tmpl",
      "templateHash": "sha256:da59a4b1b21f219f0a15a1918a72b92223133f5fbdb777e3af5d92657d8f2e06",
      "configHash": "sha256:8695aa7cc1ec86bcf5afb1516c1ffb6c0f363e84eaee9ceef7acb7d6cbde049c",
      "outputHash": "sha256:c38be6b5f1266fa326030fb622b018d0e548220d77c79662acfdc1dfb134dae3"
    },
    "docs/doc-standard.md": {
      "templateId": "docs/doc-standard.md.tmpl",
      "templateHash": "sha256:9cda752cc2c7074e3a49fcb3434b5b460113013cc46c9fcfdb0f46061689deda",
      "configHash": "sha256:8695aa7cc1ec86bcf5afb1516c1ffb6c0f363e84eaee9ceef7acb7d6cbde049c",
      "outputHash": "sha256:f65f0ab7918d8c3344860b4233bf14175e6ae3f0038cd5b7e018192187fa7c36"
    },
    "docs/domains/adr-system.md": {
      "templateId": "",
      "templateHash": "",
      "configHash": "",
      "outputHash": "sha256:877b8beeef31ba3c649dcebac8bc83419ce39b23cef17cddfd10a10cc3f793b3"
    },
    "docs/domains/config.md": {
      "templateId": "",
      "templateHash": "",
      "configHash": "",
      "outputHash": "sha256:eb4410ee9809d2f6ec7c817cc268aee8caab71fe7dbd50f22c50bff836be0e0c"
    },
    "docs/domains/invariants.md": {
      "templateId": "",
      "templateHash": "",
      "configHash": "",
      "outputHash": "sha256:e3d9b01f0207f986f5266816bee528c23dbdc6f230f8b5a552c303233c61612a"
    },
    "docs/domains/rendering.md": {
      "templateId": "",
      "templateHash": "",
      "configHash": "",
      "outputHash": "sha256:ee97fd90e46188977ec159b9e76c5d1e542aa9791f9a14c4012f37886c147cb6"
    },
    "docs/domains/tooling.md": {
      "templateId": "",
      "templateHash": "",
      "configHash": "",
      "outputHash": "sha256:7cb850c5755a72a7683b3f49cd9ca55fdebefba03f524cd68a4c799ffe56ee2e"
    },
    "docs/glossary.md": {
      "templateId": "docs/glossary.md.tmpl",
      "templateHash": "sha256:07419666c4af9479b93cebeeed2895917290ce22fbe71c198dd6d6404d688818",
      "configHash": "sha256:8695aa7cc1ec86bcf5afb1516c1ffb6c0f363e84eaee9ceef7acb7d6cbde049c",
      "outputHash": "sha256:6407a393e04aab2b137af84028ce389e321ecf953ac9c31fb2cb63817a87f427"
    },
    "docs/pitfalls.md": {
      "templateId": "docs/pitfalls.md.tmpl",
      "templateHash": "sha256:83f532a39fd8d932aabe0e55aaf131fcedd63dd40e5bfee8e068803a3b22c1e4",
      "configHash": "sha256:8695aa7cc1ec86bcf5afb1516c1ffb6c0f363e84eaee9ceef7acb7d6cbde049c",
      "outputHash": "sha256:debd1b0897af735401ae24be7806acd88f491b5ad70f84a0ea63d1562b924eca"
    },
    "docs/plans/README.md": {
      "templateId": "plans-readme/README.md.tmpl",
      "templateHash": "sha256:479783dbcb355e7195475f7ede5733b3169fce647f5ab47de18106669d2dd8e9",
      "configHash": "sha256:8695aa7cc1ec86bcf5afb1516c1ffb6c0f363e84eaee9ceef7acb7d6cbde049c",
      "outputHash": "sha256:9aa139e4626958f0f3569a1cd195b3de493294a95ab65742b1933ab424ceb6f0"
    },
    "docs/testing.md": {
      "templateId": "docs/testing.md.tmpl",
      "templateHash": "sha256:f0537f89664422b541c9c0bc3b1daf959161641385fc75bb3cde8faaafdb7a1a",
      "configHash": "sha256:8695aa7cc1ec86bcf5afb1516c1ffb6c0f363e84eaee9ceef7acb7d6cbde049c",
      "outputHash": "sha256:ee5d427db606c4bf16a852a27d4090ab917407c606769d307001b2fa56001f65"
    },
    "docs/workflow.md": {
      "templateId": "docs/workflow.md.tmpl",
      "templateHash": "sha256:e69222ef23c3a68c5f3982195fa185b84dc82a68efd6fe70e4f792873a081783",
      "configHash": "sha256:8695aa7cc1ec86bcf5afb1516c1ffb6c0f363e84eaee9ceef7acb7d6cbde049c",
      "outputHash": "sha256:76f0c6b11d74dee98a68bdb656bcabd8703a4d618e7c7ba3738f93a6d92d9e78"
    }
  }
}
