{
  "awfVersion": "0.17.0",
  "schemaVersion": 9,
  "files": {
    ".awf/bootstrap.sh": {
      "templateId": "bootstrap/awf-bootstrap.sh.tmpl",
      "templateHash": "sha256:a3518158b12fba6a3da725f28365e3ac329ddb4a9a100506f093b7b1228f70d2",
      "configHash": "sha256:4e28a6099d999be99c8a621019a95c246116c70b841164f2983616a9742c3fa6",
      "outputHash": "sha256:1fa38e5f5ad6ce939b76845d0c9b6da1a237da7fdd562f202510da37924fe0f9"
    },
    ".awf/hooks/commit-msg.sh": {
      "templateId": "hooks/commit-msg.sh.tmpl",
      "templateHash": "sha256:0ed9a44acfef998059ec15e484694d7edbc31a6061ce08f5bacf0ba05e467d66",
      "configHash": "sha256:c398f7a042186f4e890d2bad5e43de02cecbbe3c0b8f070ed1a74927d5e86ffd",
      "outputHash": "sha256:85319eec9cc4313c818ed0a7fadfd53db907630334e4e8e0ca955e3ec573b19b"
    },
    ".awf/hooks/pre-commit.sh": {
      "templateId": "hooks/pre-commit.sh.tmpl",
      "templateHash": "sha256:16368141a88e43c70a8832e99ba4bab14237c37636d32da24b854b13fe634f4c",
      "configHash": "sha256:38502b3d7c88ba7e50a5e4e622ac5d25c34cb376c9b244f6de85bd20a1c7f224",
      "outputHash": "sha256:62deff1282292f8e061691902f30de1e75c66fa1c19df911248abee69d559e7b"
    },
    ".awf/hooks/pre-push.sh": {
      "templateId": "hooks/pre-push.sh.tmpl",
      "templateHash": "sha256:79ddee6993111ede233b56495a663991ed0eeda1d8f2b455c996a58d74ed81cd",
      "configHash": "sha256:ad97bdbc59ad04d055d854150d1e86272eb00e0b5ec2c79fcd597c683bab3921",
      "outputHash": "sha256:fe34a2512e2670acb037fe345ef96de068896ae41e50e2c5209448a4526b4413"
    },
    ".awf/memory/.gitignore": {
      "templateId": "memory/gitignore.tmpl",
      "templateHash": "sha256:240a3e0d37d2e86b614063f5347eb02d4f99ca6c254de6b82871ff8d95532a7d",
      "configHash": "sha256:4e28a6099d999be99c8a621019a95c246116c70b841164f2983616a9742c3fa6",
      "outputHash": "sha256:c31f407f3190c6a2623b0baec9147976405a202706e90ccb07c688d30e1d027d"
    },
    ".awf/upgrade.sh": {
      "templateId": "bootstrap/awf-upgrade.sh.tmpl",
      "templateHash": "sha256:04f23bd902e125fdce5f382d50bfa650051f651d091a070d89adc4d6a7c8cdec",
      "configHash": "sha256:4e28a6099d999be99c8a621019a95c246116c70b841164f2983616a9742c3fa6",
      "outputHash": "sha256:f7eadbc92178d8e2b2eae00562066ed833a1c569e8e431673fbe3971b401db2c"
    },
    ".claude/agents/adr-reviewer.md": {
      "templateId": "agents/adr-reviewer.md.tmpl",
      "templateHash": "sha256:ac5684c9f0daae576426d1df6159d250d33992659c7592e9865b0f3fed4c66c9",
      "configHash": "sha256:45f83422707af3fe3bffdd7cc93888067c26a028f60e1851c5178c9c63862563",
      "outputHash": "sha256:d5b2c8eda7ba2d246fcc5a55bd2b6775500af9e8fd222cf407d4c00da7fded24"
    },
    ".claude/agents/code-reviewer.md": {
      "templateId": "agents/code-reviewer.md.tmpl",
      "templateHash": "sha256:767f177a32e2de09392ce39750fc4f2ee4d557c01e3272dcf04942c1aa0f780a",
      "configHash": "sha256:0ab08125caf4efdcba5c8e1c50c22f0758198a4c812638bdba2972f952a32d86",
      "outputHash": "sha256:3f08d33b502b72d4c3ebad5f06435621a5dd97fb0c079aa7fe7e8c89cdbc8c4c"
    },
    ".claude/agents/plan-reviewer.md": {
      "templateId": "agents/plan-reviewer.md.tmpl",
      "templateHash": "sha256:aad2a513638e80172a137f53a33ef1ede4715852b29ebc1789a512d31e18f4d8",
      "configHash": "sha256:1e4780cf6df648f69527f3b0c7b7148a256268d2e98cb8f1c51f55ea5f93f309",
      "outputHash": "sha256:b55b84224474bffbea4a1961210d4ebbc533cdece93ad757dc127a086d56fb9d"
    },
    ".claude/skills/sundial-adr-lifecycle/SKILL.md": {
      "templateId": "skills/adr-lifecycle/SKILL.md.tmpl",
      "templateHash": "sha256:f2fb503b59a4ec41b8cce553aa59869bfba4074a93f02c5c99aaaffd9094f0ee",
      "configHash": "sha256:4a81e396ca8c65821c22da9ea63b7347c8cf8cc3af5fc2bf690478190bc9fb9c",
      "outputHash": "sha256:61f3ff19f5366034d7b5a6a688c01cbc5ba3aff8846908a3d5c317c71d36ce5b"
    },
    ".claude/skills/sundial-brainstorming/SKILL.md": {
      "templateId": "skills/brainstorming/SKILL.md.tmpl",
      "templateHash": "sha256:7e423f30a8be607b54a868af851b4579aa6eaa0fa9f19b3203667e36023b691e",
      "configHash": "sha256:4371608e340f7995ae0ba20423d8a3cbe37a966041c7e156036bb8361faca782",
      "outputHash": "sha256:964fff9e387e62bfb9627adeb4249d6d3e56dd0d54751ff5c2884cf0f3d16258"
    },
    ".claude/skills/sundial-bugfix/SKILL.md": {
      "templateId": "skills/bugfix/SKILL.md.tmpl",
      "templateHash": "sha256:1cf3bb740a48508843648416016580762ba5e4678bf11cc3fe80979c414d8f78",
      "configHash": "sha256:88b9b92571e6bd224b941e883bf5f780f7814a3d19165c1b23632e75292fdf7c",
      "outputHash": "sha256:28c506296a55a77929056fa1bd2c143354173dfe6f6d9005bc8b667ca9cafb89"
    },
    ".claude/skills/sundial-debugging/SKILL.md": {
      "templateId": "skills/debugging/SKILL.md.tmpl",
      "templateHash": "sha256:8597a39a0bdedaa41fc6f28fb3e5f0cc10959a8a0fd46759b094ec63baf38a39",
      "configHash": "sha256:88b9b92571e6bd224b941e883bf5f780f7814a3d19165c1b23632e75292fdf7c",
      "outputHash": "sha256:c8f5e120298386f45415d3a8469feb90c7fc95070c879a1778214092725cb5f4"
    },
    ".claude/skills/sundial-executing-plans/SKILL.md": {
      "templateId": "skills/executing-plans/SKILL.md.tmpl",
      "templateHash": "sha256:308dc8fabb99be0c3f23e2eb447af04236dcf2d79207d4b9060efbfe0bdab0c5",
      "configHash": "sha256:c3926bd06f2954f822b28658e6b0f3cd7bce634a7635480bc0c81164fd340480",
      "outputHash": "sha256:235ef81ebb314902ce6f495d0d17478142731a18f9088057a428b00b78f91bcc"
    },
    ".claude/skills/sundial-proposing-adr/SKILL.md": {
      "templateId": "skills/proposing-adr/SKILL.md.tmpl",
      "templateHash": "sha256:07801bf8640c1ef2f504429c0bc8515a4657c4e3e2aa2fae669bf19222403c93",
      "configHash": "sha256:5a443aa93cf7e8360bfc6c29c98c04f734c01934bc1c149ed5c97f3b41a24389",
      "outputHash": "sha256:dc046cec6f96a768423d038ecbf4fa16fc1269df87b720afc0f71693b0cbc0a9"
    },
    ".claude/skills/sundial-refactor-coupling-audit/SKILL.md": {
      "templateId": "skills/refactor-coupling-audit/SKILL.md.tmpl",
      "templateHash": "sha256:8a5c226dac1c97e7892d4a76fc76be27ef1ef657c2597b83357c08c5efd71e24",
      "configHash": "sha256:a8a091b586aeef6b4395b854ee704159eda18e36e756f9e94c702f8f0285ad49",
      "outputHash": "sha256:f2093d572d8ed0fd7ff601626dc833d3724a3e22147b72cac39a74b6e0f2c09a"
    },
    ".claude/skills/sundial-retrospective/SKILL.md": {
      "templateId": "skills/retrospective/SKILL.md.tmpl",
      "templateHash": "sha256:cf6c0c30874b94212861d636a950905b981d0c4bab83260a279f357a4f677292",
      "configHash": "sha256:cb8e36c396746ed6bb8098f94aefd177c9d5961847efaa85a6e9032f5afb0454",
      "outputHash": "sha256:29c9f95a45acea8f6b13c55b1dbfd33ffaea0f8c06f994aa488e5c141f8b0c2b"
    },
    ".claude/skills/sundial-reviewing-adr/SKILL.md": {
      "templateId": "skills/reviewing-adr/SKILL.md.tmpl",
      "templateHash": "sha256:c24f840abbb3c35979514cee71d2be97a5eeabb83b72d2430923f945c9aa75a2",
      "configHash": "sha256:0e8489d45b781fdf3173075159a23d464e58b3d6290ad7873fc1df9dfa59c033",
      "outputHash": "sha256:b026a2bc977276ab6dda0b3c0a536939c59335cc84640259fe696f2d5fb54f80"
    },
    ".claude/skills/sundial-reviewing-impl/SKILL.md": {
      "templateId": "skills/reviewing-impl/SKILL.md.tmpl",
      "templateHash": "sha256:7b015040bbe469cc5672841dc2d6a62259f67717997715d624082052441fa134",
      "configHash": "sha256:6d8e7d574d9066196032d278a11773fe479ad93116a19cfb7795637be02460ca",
      "outputHash": "sha256:feb7b49195a7a5f0c482b1f1a56b1a408e05a0e61579fa519398c3167cd7cc67"
    },
    ".claude/skills/sundial-reviewing-plan-resync/SKILL.md": {
      "templateId": "skills/reviewing-plan-resync/SKILL.md.tmpl",
      "templateHash": "sha256:4b55188859e10a9ea7ee499b265a68fa594f82e44c6e30f07624600e17fd5bd9",
      "configHash": "sha256:8d15a5fdaba65ea513f9bbc6571b981477b8f923a10dea0aee06bafa0dcb4238",
      "outputHash": "sha256:d414b767e80d54b161d8d616152da6b6b2647bce974e5063bcb5d3697270bac2"
    },
    ".claude/skills/sundial-reviewing-plan/SKILL.md": {
      "templateId": "skills/reviewing-plan/SKILL.md.tmpl",
      "templateHash": "sha256:22d27c38c3220b987c54d2950089ba0dc477a395e5449baeb432ab2bcd6cce6a",
      "configHash": "sha256:0e8489d45b781fdf3173075159a23d464e58b3d6290ad7873fc1df9dfa59c033",
      "outputHash": "sha256:4ccbd8d2afd98cbe8bcc1ff33d125c0c62d7cd1ebfe311f4b754e8e8d0713254"
    },
    ".claude/skills/sundial-roadmap-graduation/SKILL.md": {
      "templateId": "skills/roadmap-graduation/SKILL.md.tmpl",
      "templateHash": "sha256:16453dc88a9ba8328d285c9938271b6886cb0b6aabe1048366a098a082e211ea",
      "configHash": "sha256:a8a091b586aeef6b4395b854ee704159eda18e36e756f9e94c702f8f0285ad49",
      "outputHash": "sha256:1837781ad5d5cf451217c9607a275677d57298d1ecf5caa33fd8b5c5ce6584c0"
    },
    ".claude/skills/sundial-subagent-driven-development/SKILL.md": {
      "templateId": "skills/subagent-driven-development/SKILL.md.tmpl",
      "templateHash": "sha256:e65e28e2e792306979ad6730129e473d102286f13fba48737243b51d7bb67b06",
      "configHash": "sha256:c3926bd06f2954f822b28658e6b0f3cd7bce634a7635480bc0c81164fd340480",
      "outputHash": "sha256:9ecb7984da4282393d59b85ea6c3016fbcde7fb08e6f3097882870c10cb5ba47"
    },
    ".claude/skills/sundial-tdd/SKILL.md": {
      "templateId": "skills/tdd/SKILL.md.tmpl",
      "templateHash": "sha256:e1762589f1a8afbc418ee7c6d93f32adca8e412abf0ba141f7052d379934542c",
      "configHash": "sha256:e0cb5fd4a5f280a9a4dd6034fdec8577e02e2c416e892d085b0b1dcc6a67d9dd",
      "outputHash": "sha256:05ec239276d0332d9d5ec8291bbeb39058094f55ca83953f4ec5aef1188128e6"
    },
    ".claude/skills/sundial-writing-plans/SKILL.md": {
      "templateId": "skills/writing-plans/SKILL.md.tmpl",
      "templateHash": "sha256:778c54436cf38bd7c8713a4a3c96b29ba4cc7c4b993fc8ae1dd1487cbcce28d9",
      "configHash": "sha256:7e6c663318cf479ee75541e318a985c95ae4fa6b5ab6298c674cda9f17ecc022",
      "outputHash": "sha256:3e53490e5887854e81bf0f9c50b4815fc586de7566e36aab044923eb2021719e"
    },
    "AGENTS.md": {
      "templateId": "agents-doc/AGENTS.md.tmpl",
      "templateHash": "sha256:1f262c656e365e19e9eb11765a5b31e377f9a68fc76396599e9feae9b754b6bd",
      "configHash": "sha256:7dcbb6e669926b58fa88ce1d459e106760f1294491629ab430f9c8949700f868",
      "outputHash": "sha256:699cabd342bb901df73e8ee1f7995d1c9d1d533d11eb09089a8103af1d8919c6"
    },
    "CLAUDE.md": {
      "templateId": "claude/CLAUDE.md.tmpl",
      "templateHash": "sha256:336cc4fbf19beaada7ccf9986414fa91851a8d7a07dfb3ccbe800a69eed0ab49",
      "configHash": "sha256:4e28a6099d999be99c8a621019a95c246116c70b841164f2983616a9742c3fa6",
      "outputHash": "sha256:2e033436bd95e064b3788029e7ade602d982cfe93a001923755c417e2a2e2320"
    },
    "docs/agents-md-standard.md": {
      "templateId": "docs/agents-md-standard.md.tmpl",
      "templateHash": "sha256:793cf98c9b1044a02c30a97454ee9068cf932f555be28cbb35788b36c525e053",
      "configHash": "sha256:4e28a6099d999be99c8a621019a95c246116c70b841164f2983616a9742c3fa6",
      "outputHash": "sha256:1a70d2ee08549f19ae7d3cd7acf7c18b20d0a66fba2c3fae2d03499b5e95ec95"
    },
    "docs/architecture.md": {
      "templateId": "docs/architecture.md.tmpl",
      "templateHash": "sha256:f96891f61ec43a0b7d4a7dca2f3049d5e78566dae4d1e11d5ab8ba0a9db79748",
      "configHash": "sha256:7751a7f8688226e10435e443c79bd66bea18e13220a53e1492f31b6f5d1267b4",
      "outputHash": "sha256:d2b5d5d27125905c56b58116a06b2d1a1c428b520b4ec0b36b5add87f485bdb8"
    },
    "docs/config-reference.md": {
      "templateId": "",
      "templateHash": "",
      "configHash": "",
      "outputHash": "sha256:546a9938e07a5f9db710cf10f72aa5ab65391383c94723a2602fc844d70b8ed7",
      "regenChecked": true
    },
    "docs/debugging.md": {
      "templateId": "docs/debugging.md.tmpl",
      "templateHash": "sha256:e09a219c61c2ae22469f616db17ad3bcc028d4dd8434a19364be91ba26d53e17",
      "configHash": "sha256:3c1748913235e005bdcfe977d761ab359739ef3563bee604014b3336d1ee5ce7",
      "outputHash": "sha256:d4199ed5ef8457976be722d5ab39ef64f570ff3c847bf16780966729a3743f47"
    },
    "docs/decisions/ACTIVE.md": {
      "templateId": "",
      "templateHash": "",
      "configHash": "",
      "outputHash": "sha256:5a8391fa6be70633396d8b84dbeb387aa6f8f1bee589d31b869b48c83d57d050",
      "regenChecked": true
    },
    "docs/decisions/README.md": {
      "templateId": "adr-readme/README.md.tmpl",
      "templateHash": "sha256:3d5ffd5199291d7b9b170e1501f26b1ded8c77a57202b4b89e8134f785163072",
      "configHash": "sha256:f667e17b4e513b0d3a4668b7dac1d969251c7b29087da192730438f89f2b01d8",
      "outputHash": "sha256:ee7721cbfa46e6f0eb0111f6041f7b9ebe1aa8a2ebf396935f64c8508e1a4523"
    },
    "docs/decisions/template.md": {
      "templateId": "adr-template/template.md.tmpl",
      "templateHash": "sha256:83c66558a24d15bde3624c57464eb41973c560993afc358da9b7306102bc8397",
      "configHash": "sha256:4e28a6099d999be99c8a621019a95c246116c70b841164f2983616a9742c3fa6",
      "outputHash": "sha256:a57968f15c78a85bb0bf01b70a4245d57c268eabb14dc782d1d4f37179fb8423"
    },
    "docs/development.md": {
      "templateId": "docs/development.md.tmpl",
      "templateHash": "sha256:e99876e3d365ba66edef46749bfa80a81deb82810ccd660f00857e40bf26b108",
      "configHash": "sha256:478897dcee4ef72c105123436a04b22e57bb7a46aab1091685203b4301daf825",
      "outputHash": "sha256:2104c7121d1014238154948a1a812da928f7a804173ad712c5d1b27b96f486f1"
    },
    "docs/doc-standard.md": {
      "templateId": "docs/doc-standard.md.tmpl",
      "templateHash": "sha256:feda9687ea728555b1dded6f131856adb59879dd141e0a459167241cd614439c",
      "configHash": "sha256:4e28a6099d999be99c8a621019a95c246116c70b841164f2983616a9742c3fa6",
      "outputHash": "sha256:c26e7e406fc2460695b9a2a27d732898a73e9e87cc93b2ecee3d04a366b3346c"
    },
    "docs/domains/almanac.md": {
      "templateId": "",
      "templateHash": "",
      "configHash": "",
      "outputHash": "sha256:3bcc335a8fba278cded15b886c93add68350d8e57fc5f2f33e7ea3b7f4807c7c",
      "regenChecked": true
    },
    "docs/domains/cli.md": {
      "templateId": "",
      "templateHash": "",
      "configHash": "",
      "outputHash": "sha256:7efb8cc51eedea6bf393601b8cde662a95a0762cb4d6872a7b597fec384b8e12",
      "regenChecked": true
    },
    "docs/glossary.md": {
      "templateId": "docs/glossary.md.tmpl",
      "templateHash": "sha256:c3fbdf37282efd67e147416cd72900eec9cf7c93b24e8e74a465d67b79051da2",
      "configHash": "sha256:2a6bf2ecbbf32cf5d6e8ae9b2a4cf9d43cc6521b59a2f64eb8eb713e610cf6d4",
      "outputHash": "sha256:951b9caa92b0066cfd34e2700231bfb81e8db09d00f685b7d361be88e515ba02"
    },
    "docs/pitfalls.md": {
      "templateId": "docs/pitfalls.md.tmpl",
      "templateHash": "sha256:ae7cad75f724728d7dcc6b042f4786cc2f199c4904223ee0c8bcc43914e870af",
      "configHash": "sha256:743863ccdf66e03a1992ea22233a569d70d982cfbb3c58a0ed1dc794a017866f",
      "outputHash": "sha256:551e60d39423cbfc730f363ee4e45f70ac4b124c294968066f827a4ee0529fe0"
    },
    "docs/plans/README.md": {
      "templateId": "plans-readme/README.md.tmpl",
      "templateHash": "sha256:6f750996e4199fcc0e7bb4e2d6cdb2421e1fc8a3e83207d321ee8a8ab69e338e",
      "configHash": "sha256:4e28a6099d999be99c8a621019a95c246116c70b841164f2983616a9742c3fa6",
      "outputHash": "sha256:aa54412ee4703607cc47f6d6139d27a7abc6548bdceb8bf0ea1246c3b3adb9b0"
    },
    "docs/plans/template.md": {
      "templateId": "plans-template/template.md.tmpl",
      "templateHash": "sha256:d0d21b1c8edeb1b4ad75f6c03ae63d290d60c72ee8f28e90c45207903eee8b8a",
      "configHash": "sha256:7e6c663318cf479ee75541e318a985c95ae4fa6b5ab6298c674cda9f17ecc022",
      "outputHash": "sha256:14918f934077c90648d2095e68c38b5242c91f1f5c3512c4b45d3490816eb179"
    },
    "docs/roadmap.md": {
      "templateId": "docs/roadmap.md.tmpl",
      "templateHash": "sha256:26c7896fbc808c909083ceedc048ea5706a9252d32642d031bd816d7ef1cd511",
      "configHash": "sha256:c8cee1c7ded8b75ceb76b9d286d71d416535758973a3dcf4ddd3ada7aaaa3833",
      "outputHash": "sha256:4dbbfd00c000322b26a892d7f342f49409c35b5e3195570192a7a42055562c9c"
    },
    "docs/testing.md": {
      "templateId": "docs/testing.md.tmpl",
      "templateHash": "sha256:f9e4fd0b01ab248d45e0c51a281fb4181bed9c4af699edc97e00a428899bff03",
      "configHash": "sha256:28789871054cbfceabcba2287b73689acf0141026116c89e147d9a83d00f8ed6",
      "outputHash": "sha256:46d1d11888e61191693f597762203c1a511a35f3065cc4d24ed8b6a6360fed08"
    },
    "docs/workflow.md": {
      "templateId": "docs/workflow.md.tmpl",
      "templateHash": "sha256:3d950350aa06bfc6413bac86fe56f0aeeb733dfcb90f1146a938f3c94ceda99b",
      "configHash": "sha256:90bf7ae58113fb4131cb62892ae8b70c6e9d9ffb48cdc4f413f55533c42afd2e",
      "outputHash": "sha256:5b4df8ed0575fd5eab85a811c9a13ff572b7a4b938c6a3f57b97d81efed40868"
    },
    "docs/working-with-awf.md": {
      "templateId": "docs/working-with-awf.md.tmpl",
      "templateHash": "sha256:6b3728de37caee60dc3d4780fadde9d5144e30dc26f3370a0006e715188001fb",
      "configHash": "sha256:4e28a6099d999be99c8a621019a95c246116c70b841164f2983616a9742c3fa6",
      "outputHash": "sha256:ac07320f1bf2dc533854feb81c4c1895a730c086c7f678410b0ebda4f11e915d"
    },
    "x": {
      "templateId": "runner/x.tmpl",
      "templateHash": "sha256:3e103f91eb097eb672004204bd2999d44c0656bc0fcb0de2553b3c76ce09c421",
      "configHash": "sha256:4e28a6099d999be99c8a621019a95c246116c70b841164f2983616a9742c3fa6",
      "outputHash": "sha256:1148826f9efd1a47278704497643e588b6c4af3d2810541626f70457c41127ca",
      "regenChecked": true
    }
  }
}
