{
  "awfVersion": "0.30.0",
  "schemaVersion": 32,
  "files": {
    ".awf/bootstrap.sh": {
      "templateId": "bootstrap/awf-bootstrap.sh.tmpl",
      "templateHash": "sha256:a3518158b12fba6a3da725f28365e3ac329ddb4a9a100506f093b7b1228f70d2",
      "configHash": "sha256:e9cccb10c8b4cfc2366399a4a9c552b0ce8f1475c8235bd7d4d7a674f04c4c04",
      "outputHash": "sha256:84cae680b62d75953c63e39d89b3742574c8496828e5f708f3ce452b45cc7807"
    },
    ".awf/efforts/.gitignore": {
      "templateId": "efforts/gitignore.tmpl",
      "templateHash": "sha256:240a3e0d37d2e86b614063f5347eb02d4f99ca6c254de6b82871ff8d95532a7d",
      "configHash": "sha256:e9cccb10c8b4cfc2366399a4a9c552b0ce8f1475c8235bd7d4d7a674f04c4c04",
      "outputHash": "sha256:f3a59358883e776cdd1cabb8ec5c58b947842c761996f705ddf11abe9fe2ac47"
    },
    ".awf/hooks/commit-msg.sh": {
      "templateId": "hooks/commit-msg.sh.tmpl",
      "templateHash": "sha256:5167c798ef62c50b7e6314ff12efe9f84b49fe7fffdf40babe284c900449b20d",
      "configHash": "sha256:7cc2fb46a37c3dcec794e719ca1668f289cbe119247962e6dcf3d19857731d06",
      "outputHash": "sha256:9ae403c9843a345aea0a472fe7e3e6acd39394835ac22601449f61a96e9e86e2"
    },
    ".awf/hooks/pre-commit.sh": {
      "templateId": "hooks/pre-commit.sh.tmpl",
      "templateHash": "sha256:13fe79f9878f53633a066b0d44082d9b7204e68e98898e232c6eb872c1ab5ccc",
      "configHash": "sha256:90dd32d6f625ab313715b08aefd0914b44c29e9fc64257c776654cf41f5f19fe",
      "outputHash": "sha256:88c9c1efa382de6d18e2a3ef54c31594cef6e99084d966f625e37cd4a880edc5"
    },
    ".awf/hooks/pre-merge-commit.sh": {
      "templateId": "hooks/pre-merge-commit.sh.tmpl",
      "templateHash": "sha256:96ffe0c0e7b26d0a82bffc95824dfb026d718b0acf98c75b2f9d139325e11d7c",
      "configHash": "sha256:9523f83926c462b64e500752d3ae10f475391651b4147a58463a83356584922a",
      "outputHash": "sha256:723a580fdd64b58857daa1f302dd00f4d8228a88f4948d5c75041c5aa821a9a0"
    },
    ".awf/hooks/pre-push.sh": {
      "templateId": "hooks/pre-push.sh.tmpl",
      "templateHash": "sha256:043be086af5f27634d1882ae02fb4f3bab228772192c9c12fc3aa38e0a4a6af9",
      "configHash": "sha256:20f29e1cd7f4ca3a5b90e7aec7b2d66b692719e6e4557dac2d3d642df21e1bf0",
      "outputHash": "sha256:9b053fc89260911caffa35433b69aaf9a66c709cd33e2aaa54814245c8cf9fba"
    },
    ".awf/upgrade.sh": {
      "templateId": "bootstrap/awf-upgrade.sh.tmpl",
      "templateHash": "sha256:4210ad3063fd89f3283008ff22df60abf72693ccd76774102ad852fa4731ec32",
      "configHash": "sha256:e9cccb10c8b4cfc2366399a4a9c552b0ce8f1475c8235bd7d4d7a674f04c4c04",
      "outputHash": "sha256:3f051434cf52cf17b835d9187a0dbfb55c0b7397c43af6344b83a4294c2218e1"
    },
    ".awf/worktrees/.gitignore": {
      "templateId": "worktrees/gitignore.tmpl",
      "templateHash": "sha256:240a3e0d37d2e86b614063f5347eb02d4f99ca6c254de6b82871ff8d95532a7d",
      "configHash": "sha256:e9cccb10c8b4cfc2366399a4a9c552b0ce8f1475c8235bd7d4d7a674f04c4c04",
      "outputHash": "sha256:f3a59358883e776cdd1cabb8ec5c58b947842c761996f705ddf11abe9fe2ac47"
    },
    ".claude/agents/adr-reviewer.md": {
      "templateId": "agents/adr-reviewer.md.tmpl",
      "templateHash": "sha256:075cbd149a6a9fc297f70b0f25b1557870b798ee94311a938807e5fe4e354b14",
      "configHash": "sha256:f0750ca71c69fc7372add20137de853212c008d38222caff8a7780041aa1ccff",
      "outputHash": "sha256:0d851f2bb97cee32276ab0ac067c8950bad6151421e5ce17601ccca6f6d29f85"
    },
    ".claude/agents/code-reviewer.md": {
      "templateId": "agents/code-reviewer.md.tmpl",
      "templateHash": "sha256:7bad211260cf432094625e72d400de2819371543cf7684f3e7bef137a539be2a",
      "configHash": "sha256:60b8e1163b081a2ec95473ee06849b965403212a863f958fbb2e35bad0df74a5",
      "outputHash": "sha256:6216294bc497810c015621e4cfadc93e8bfaf250c3ce7748e5db394d94b6bc8d"
    },
    ".claude/agents/explorer.md": {
      "templateId": "agents/explorer.md.tmpl",
      "templateHash": "sha256:87aef4d7294288132791408c3b81486f645e0601a73356d5fac892c2f4153a45",
      "configHash": "sha256:f7766453ae2c9dc4063856b50b60ff9de3707f5d218c471b33963b79033d016d",
      "outputHash": "sha256:57f8922531d4edef4ecfb8e5e71e4e43d04b864677e823442eaba138de923b46"
    },
    ".claude/agents/grounding-checker.md": {
      "templateId": "agents/grounding-checker.md.tmpl",
      "templateHash": "sha256:b06800b234bcd24dd77ec59841f5ff7acb86f672e27a33b42afb104e67999c39",
      "configHash": "sha256:f7766453ae2c9dc4063856b50b60ff9de3707f5d218c471b33963b79033d016d",
      "outputHash": "sha256:490694cb0a4288a98e561b4369e98b5e6134ac2f82d02e17a987235f1d7a175e"
    },
    ".claude/agents/implementer.md": {
      "templateId": "agents/implementer.md.tmpl",
      "templateHash": "sha256:8fa378e81ed9ab7dd4bda373630ba935ce58155fa8fca100db907cf9d7271e07",
      "configHash": "sha256:a1c2ec020b3df6a3e188914e031d3292307143bd5c0d91bebad7e7b6e66e005e",
      "outputHash": "sha256:1d64412f9aaa044c8921db94c3cf248b51284183b6377eb97f1e8dc0fb4183c4"
    },
    ".claude/agents/plan-reviewer.md": {
      "templateId": "agents/plan-reviewer.md.tmpl",
      "templateHash": "sha256:87f482da0ce795dca3eabf9b251aa50c7897f0bfcfa34d54ae2026cbb17c1fbd",
      "configHash": "sha256:d6f5362bd670669a6cdbc80f9205b7e2bc583d89202bfea40a1ca0f476153ac9",
      "outputHash": "sha256:69ddb91b6c848949a1413519a0c2fe74eb4b4c0e5cbbf49fb7ce592f23896cd0"
    },
    ".claude/skills/sundial-adr-lifecycle/SKILL.md": {
      "templateId": "skills/adr-lifecycle/SKILL.md.tmpl",
      "templateHash": "sha256:82f36eb0cc2e85b57cdc1ed95753f775ed855acc6ebc82e82b8bea3b8f0cade8",
      "configHash": "sha256:747366f511f34a8c0c25ef9afcddc81d9b01f4414e20283a4f889c88bdedff13",
      "outputHash": "sha256:a68d24423ffe436195120201f1ba4eebe43e879022a4c5a7403d4317c71eee18"
    },
    ".claude/skills/sundial-brainstorming/SKILL.md": {
      "templateId": "skills/brainstorming/SKILL.md.tmpl",
      "templateHash": "sha256:a977ccb1bded91e4c022f8490404ff70461733f1b5f2de1cb2d6704f38a104bf",
      "configHash": "sha256:e3f931ef6f01ea519470018dc6ed7146b9f8464f4c5734b1686325b0644d79ce",
      "outputHash": "sha256:819670e14566e6c4b01466ea8d96223e72b70ea524709535083ca7cf35c72461"
    },
    ".claude/skills/sundial-bugfix/SKILL.md": {
      "templateId": "skills/bugfix/SKILL.md.tmpl",
      "templateHash": "sha256:e7de1285547512c355bd96ff667a7a748a9c77d481e42f14fd54b331926ee383",
      "configHash": "sha256:979788af92df3827a295c3fd48151ad043f283e37b72fab2b5254cb02a3e4255",
      "outputHash": "sha256:2e7af7e4bc94573e836dd523ebe5f82a31a402448ee2f4dc8220496c2584aab5"
    },
    ".claude/skills/sundial-debugging/SKILL.md": {
      "templateId": "skills/debugging/SKILL.md.tmpl",
      "templateHash": "sha256:dcda25e85a67e16fe69b5ab8edb567a480855118c68d950670368b4923303a83",
      "configHash": "sha256:979788af92df3827a295c3fd48151ad043f283e37b72fab2b5254cb02a3e4255",
      "outputHash": "sha256:34e17b0ec15157f0f7f50a9f339862fb35765529d52b7b0394c1f6012fb6f4cc"
    },
    ".claude/skills/sundial-executing-direct/SKILL.md": {
      "templateId": "skills/executing-direct/SKILL.md.tmpl",
      "templateHash": "sha256:54c9cf6af06dfd22954c2b6ef8ad3a5fa8f183c1820204c560036069dd7bf38d",
      "configHash": "sha256:f7766453ae2c9dc4063856b50b60ff9de3707f5d218c471b33963b79033d016d",
      "outputHash": "sha256:0ad14c9b2764278c58a8a6a955c8f6af9d209392b61399e4559ebfb17f9971fa"
    },
    ".claude/skills/sundial-executing-plans/SKILL.md": {
      "templateId": "skills/executing-plans/SKILL.md.tmpl",
      "templateHash": "sha256:5d3c1ab922a13a4d5237ba94e87179f2a316545826239effa99fc523ec5770a7",
      "configHash": "sha256:1d26d6fc741afc3bab691d1e7e4f81ac078705e8daac75f83e820da9c6069721",
      "outputHash": "sha256:35bc7da04ad1d5e67c66b6d68285966bba47247e64c9a8271709137bf7687424"
    },
    ".claude/skills/sundial-exploring/SKILL.md": {
      "templateId": "skills/exploring/SKILL.md.tmpl",
      "templateHash": "sha256:63e86f8629add006609162680fa8d074896044711d0d899047811a2fa3260471",
      "configHash": "sha256:f7766453ae2c9dc4063856b50b60ff9de3707f5d218c471b33963b79033d016d",
      "outputHash": "sha256:4f60e6dd3a890d9f6d678fe619a151ab29a55bee878ef18b47509178a673dce2"
    },
    ".claude/skills/sundial-orienting/SKILL.md": {
      "templateId": "skills/orienting/SKILL.md.tmpl",
      "templateHash": "sha256:b5f09a31d61f107e1532e68754e83857f3ecc82aafc64657eb999ad6b42edd70",
      "configHash": "sha256:f7766453ae2c9dc4063856b50b60ff9de3707f5d218c471b33963b79033d016d",
      "outputHash": "sha256:51160ec3da264f7e68b99b9907faf27d0e42c9ab14c97c2836baab6ba54b94fa"
    },
    ".claude/skills/sundial-proposing-adr/SKILL.md": {
      "templateId": "skills/proposing-adr/SKILL.md.tmpl",
      "templateHash": "sha256:1d08a93cb5b7386fcdc3e2f3ebb2b90efa5d119499a8d36da0c7ddea74c69d6e",
      "configHash": "sha256:06517496e47707acd11b1937229108f7a0845bbe5b908b6cf75b4b4e7feaeb6e",
      "outputHash": "sha256:9e5de53c2cb74ff3e524ce8884cf3f0bfc82b9cf317c2259fc460b2c80690841"
    },
    ".claude/skills/sundial-refactor-coupling-audit/SKILL.md": {
      "templateId": "skills/refactor-coupling-audit/SKILL.md.tmpl",
      "templateHash": "sha256:f9ce0fb6eb53d674471c8c74d852b9db6dda511a511c3765146485de8692dc1e",
      "configHash": "sha256:9947e3179d64b8974ca3e4ce9da4ac626cb0cd231fe03767049ca074e79eddb9",
      "outputHash": "sha256:517c8beb83d906b2dab8a15f3d95f2c8238c149534989fa8ee574d0c9b3d58ba"
    },
    ".claude/skills/sundial-retrospective/SKILL.md": {
      "templateId": "skills/retrospective/SKILL.md.tmpl",
      "templateHash": "sha256:265b08e82ebe34675f5ed2b4f7639749f7a416e48a065376345cfc5b9d31c6df",
      "configHash": "sha256:2a32908180d6817c0eed97b11f35c5dfb7b60ab6ef96304a9758c80435b0defe",
      "outputHash": "sha256:83e305827c2c81bbfff8cde9ba91ecf5abd270c3e09374ce60e79b94e138410a"
    },
    ".claude/skills/sundial-reviewing-adr/SKILL.md": {
      "templateId": "skills/reviewing-adr/SKILL.md.tmpl",
      "templateHash": "sha256:0417bb92029ccbc6e98c5abf14553e244a89a7eda6740376b8c5ff27e5a306eb",
      "configHash": "sha256:f7766453ae2c9dc4063856b50b60ff9de3707f5d218c471b33963b79033d016d",
      "outputHash": "sha256:4f3744184c6ca73d7c93f926d4354ee8ee896278b99d4222ab7353a6f9ad3d07"
    },
    ".claude/skills/sundial-reviewing-impl/SKILL.md": {
      "templateId": "skills/reviewing-impl/SKILL.md.tmpl",
      "templateHash": "sha256:c1e27b605a9a9b4fb87cfef33ace67a135c9ad7c491c86998f6ffe9acb14341e",
      "configHash": "sha256:1d26d6fc741afc3bab691d1e7e4f81ac078705e8daac75f83e820da9c6069721",
      "outputHash": "sha256:e72f75511c185390774c88a4085dc0dd68f3e4e66f8b8ca3319e9a53db67dce3"
    },
    ".claude/skills/sundial-reviewing-plan-resync/SKILL.md": {
      "templateId": "skills/reviewing-plan-resync/SKILL.md.tmpl",
      "templateHash": "sha256:49504a2c657d4bf12d171ef0388dd13df122920340ae46812715512581f6fd8a",
      "configHash": "sha256:9947e3179d64b8974ca3e4ce9da4ac626cb0cd231fe03767049ca074e79eddb9",
      "outputHash": "sha256:941d88fd30e819c6b878b963e21534213d58b27acf0da49a774968ccdf84c0f7"
    },
    ".claude/skills/sundial-reviewing-plan/SKILL.md": {
      "templateId": "skills/reviewing-plan/SKILL.md.tmpl",
      "templateHash": "sha256:e50a8618dedd90997c49bd9dcff407b6c82f86baac5f6616c612de725c2f6616",
      "configHash": "sha256:f7766453ae2c9dc4063856b50b60ff9de3707f5d218c471b33963b79033d016d",
      "outputHash": "sha256:44a22c5fa1b8f75e5f82670ed14a89616c3a9c6158c283af390d32893d4030a2"
    },
    ".claude/skills/sundial-roadmap-graduation/SKILL.md": {
      "templateId": "skills/roadmap-graduation/SKILL.md.tmpl",
      "templateHash": "sha256:9178f5910adce0a7472c3f972ad3b2712aecfb9ba21c50d350eed72bc1ae7850",
      "configHash": "sha256:9947e3179d64b8974ca3e4ce9da4ac626cb0cd231fe03767049ca074e79eddb9",
      "outputHash": "sha256:f2778e0a79d924ebc412251a0c91008eed23539d3c1ad088eb47827045dfa19f"
    },
    ".claude/skills/sundial-subagent-driven-development/SKILL.md": {
      "templateId": "skills/subagent-driven-development/SKILL.md.tmpl",
      "templateHash": "sha256:c03d0ee5f437ee7e0d31135aa032eb8ee6fa724bec631de6a6e8afb0e2b258ac",
      "configHash": "sha256:1d26d6fc741afc3bab691d1e7e4f81ac078705e8daac75f83e820da9c6069721",
      "outputHash": "sha256:806c53b1b9d509a587aee3b80f4d9495ba22a99bc8a6abd281ef7a950ce46aa5"
    },
    ".claude/skills/sundial-tdd/SKILL.md": {
      "templateId": "skills/tdd/SKILL.md.tmpl",
      "templateHash": "sha256:03eaf3d67f16aae9cddbdbd26c38d68e4423c770099031c9b9a6f889bf32ce4c",
      "configHash": "sha256:9ae1aad5b6c9a4b8d6c38aa1de76eea89897c7e566e505df01f9ceabbd9bce80",
      "outputHash": "sha256:99950ef0da8ee4d48824ecfaf6fc1fa21a9403f9866121591d7cff24a3407898"
    },
    ".claude/skills/sundial-writing-plans/SKILL.md": {
      "templateId": "skills/writing-plans/SKILL.md.tmpl",
      "templateHash": "sha256:aa59688226574ab04607466cf3b204b6938783c6c7f4dbff97ea3e717f1384d2",
      "configHash": "sha256:1d26d6fc741afc3bab691d1e7e4f81ac078705e8daac75f83e820da9c6069721",
      "outputHash": "sha256:23980baf3394e7a85e30370eb871c7b06ac7d3fc2ab3c8326aaae326e6d7f521"
    },
    ".pi/agents/adr-reviewer.md": {
      "templateId": "agents/adr-reviewer.md.tmpl",
      "templateHash": "sha256:075cbd149a6a9fc297f70b0f25b1557870b798ee94311a938807e5fe4e354b14",
      "configHash": "sha256:5989dcf5532e4d057f294b0863c2aa7b41be2ff881d8b3d368eb869e67ea9870",
      "outputHash": "sha256:0d851f2bb97cee32276ab0ac067c8950bad6151421e5ce17601ccca6f6d29f85"
    },
    ".pi/agents/code-reviewer.md": {
      "templateId": "agents/code-reviewer.md.tmpl",
      "templateHash": "sha256:7bad211260cf432094625e72d400de2819371543cf7684f3e7bef137a539be2a",
      "configHash": "sha256:c94302d968cf2379e18e3a0a1235387be4f3ebedfdad3be852e58debe6ec150e",
      "outputHash": "sha256:6216294bc497810c015621e4cfadc93e8bfaf250c3ce7748e5db394d94b6bc8d"
    },
    ".pi/agents/explorer.md": {
      "templateId": "agents/explorer.md.tmpl",
      "templateHash": "sha256:87aef4d7294288132791408c3b81486f645e0601a73356d5fac892c2f4153a45",
      "configHash": "sha256:6bf66a1c90f5a11ca8b6699522200b341b84d7e4358ad6d2bb7fa1c8da5b0808",
      "outputHash": "sha256:57f8922531d4edef4ecfb8e5e71e4e43d04b864677e823442eaba138de923b46"
    },
    ".pi/agents/grounding-checker.md": {
      "templateId": "agents/grounding-checker.md.tmpl",
      "templateHash": "sha256:b06800b234bcd24dd77ec59841f5ff7acb86f672e27a33b42afb104e67999c39",
      "configHash": "sha256:6bf66a1c90f5a11ca8b6699522200b341b84d7e4358ad6d2bb7fa1c8da5b0808",
      "outputHash": "sha256:490694cb0a4288a98e561b4369e98b5e6134ac2f82d02e17a987235f1d7a175e"
    },
    ".pi/agents/implementer.md": {
      "templateId": "agents/implementer.md.tmpl",
      "templateHash": "sha256:8fa378e81ed9ab7dd4bda373630ba935ce58155fa8fca100db907cf9d7271e07",
      "configHash": "sha256:925f70bfbd45a22305a19132a6589c356ddfbc391ba6ecce01f3f9ead038c413",
      "outputHash": "sha256:1d64412f9aaa044c8921db94c3cf248b51284183b6377eb97f1e8dc0fb4183c4"
    },
    ".pi/agents/plan-reviewer.md": {
      "templateId": "agents/plan-reviewer.md.tmpl",
      "templateHash": "sha256:87f482da0ce795dca3eabf9b251aa50c7897f0bfcfa34d54ae2026cbb17c1fbd",
      "configHash": "sha256:eb319f3ab95221158fb3ca85e6b144dd315c2a149c1c6654288ca2bff221a460",
      "outputHash": "sha256:69ddb91b6c848949a1413519a0c2fe74eb4b4c0e5cbbf49fb7ce592f23896cd0"
    },
    ".pi/extensions/awf-context-usage/index.ts": {
      "templateId": "pi/awf-context-usage/index.ts.tmpl",
      "templateHash": "sha256:423fdab8f63ac884618ea5c597d76d72055f4ee325ba73a699da56cc8b8e70a2",
      "configHash": "sha256:6bf66a1c90f5a11ca8b6699522200b341b84d7e4358ad6d2bb7fa1c8da5b0808",
      "outputHash": "sha256:551180d8241aac8103d4712e8ef865251bcf5310f275501ac5a579c095571f1e"
    },
    ".pi/extensions/awf-handoff/index.ts": {
      "templateId": "pi/awf-handoff/index.ts.tmpl",
      "templateHash": "sha256:8f02f96b4d3181b947608705fe6db0033770965ecf24172a3f18209743123cdb",
      "configHash": "sha256:6bf66a1c90f5a11ca8b6699522200b341b84d7e4358ad6d2bb7fa1c8da5b0808",
      "outputHash": "sha256:6a28fd7423779623d3987060caaad3d4771bb76cabfe6f9c7a07dd1d20863e1e"
    },
    ".pi/extensions/awf-subagents/index.ts": {
      "templateId": "pi/awf-subagents/index.ts.tmpl",
      "templateHash": "sha256:9e601d2f7efce3be6035da96d82a73ab7c6a9e70e46a456e39ad48a351d46403",
      "configHash": "sha256:6bf66a1c90f5a11ca8b6699522200b341b84d7e4358ad6d2bb7fa1c8da5b0808",
      "outputHash": "sha256:9320893ff323218473599459ba00ba71aab726fda2dd2508fd739e459a6c1bfc"
    },
    ".pi/extensions/awf-subagents/model-routing.ts": {
      "templateId": "pi/awf-subagents/model-routing.ts.tmpl",
      "templateHash": "sha256:d442d36cd6b43cf5d16cd0ea070b0c6ed257db2ae2e1b18448cc0bb1fecc1f47",
      "configHash": "sha256:6bf66a1c90f5a11ca8b6699522200b341b84d7e4358ad6d2bb7fa1c8da5b0808",
      "outputHash": "sha256:1a6fa5f031f144ec12954354418a888072a870ed47d0f456963c09bf2c2199ed"
    },
    ".pi/extensions/awf-subagents/runner.ts": {
      "templateId": "pi/awf-subagents/runner.ts.tmpl",
      "templateHash": "sha256:181933e623671ed21fdb71b106d220067417cc488cbfc2a3280ca11be46e2efd",
      "configHash": "sha256:6bf66a1c90f5a11ca8b6699522200b341b84d7e4358ad6d2bb7fa1c8da5b0808",
      "outputHash": "sha256:da680eab109eb1ee248b9819c9641c8b2383f9fb4f030c5e351ea554df0e25d8"
    },
    ".pi/skills/sundial-adr-lifecycle/SKILL.md": {
      "templateId": "skills/adr-lifecycle/SKILL.md.tmpl",
      "templateHash": "sha256:82f36eb0cc2e85b57cdc1ed95753f775ed855acc6ebc82e82b8bea3b8f0cade8",
      "configHash": "sha256:e2731a0f2259c3e20713e5e3b9077c86ed94fa5a394391fbb8bdb1782aac9a29",
      "outputHash": "sha256:a68d24423ffe436195120201f1ba4eebe43e879022a4c5a7403d4317c71eee18"
    },
    ".pi/skills/sundial-brainstorming/SKILL.md": {
      "templateId": "skills/brainstorming/SKILL.md.tmpl",
      "templateHash": "sha256:a977ccb1bded91e4c022f8490404ff70461733f1b5f2de1cb2d6704f38a104bf",
      "configHash": "sha256:60b9720e5fb2f99486f2bbc6c8b8b328b45a3aac19e6d97940f0ad1915f1172b",
      "outputHash": "sha256:caffa9a38f0cfec677b79963dc94e8fb57b9e7802fc0f4cce84d2d01ea552c73"
    },
    ".pi/skills/sundial-bugfix/SKILL.md": {
      "templateId": "skills/bugfix/SKILL.md.tmpl",
      "templateHash": "sha256:e7de1285547512c355bd96ff667a7a748a9c77d481e42f14fd54b331926ee383",
      "configHash": "sha256:9438f7c5d27d72b613264ec14a4bb8d2dc948b7d5de6a57f1ba7d785d0af4d50",
      "outputHash": "sha256:a19595e25e2ea0d07fd32049c645bc09577fb1247ee657c5a36c21f0b2454d55"
    },
    ".pi/skills/sundial-debugging/SKILL.md": {
      "templateId": "skills/debugging/SKILL.md.tmpl",
      "templateHash": "sha256:dcda25e85a67e16fe69b5ab8edb567a480855118c68d950670368b4923303a83",
      "configHash": "sha256:9438f7c5d27d72b613264ec14a4bb8d2dc948b7d5de6a57f1ba7d785d0af4d50",
      "outputHash": "sha256:bcd708ea2174ff21f5c7630a41dece609b55473483f40b4bb9b5f9dc62fb1999"
    },
    ".pi/skills/sundial-executing-direct/SKILL.md": {
      "templateId": "skills/executing-direct/SKILL.md.tmpl",
      "templateHash": "sha256:54c9cf6af06dfd22954c2b6ef8ad3a5fa8f183c1820204c560036069dd7bf38d",
      "configHash": "sha256:6bf66a1c90f5a11ca8b6699522200b341b84d7e4358ad6d2bb7fa1c8da5b0808",
      "outputHash": "sha256:88924cc8a11fa1f84fe48d54a6e806d782c17d257e1694f853c9cec2903dd688"
    },
    ".pi/skills/sundial-executing-plans/SKILL.md": {
      "templateId": "skills/executing-plans/SKILL.md.tmpl",
      "templateHash": "sha256:5d3c1ab922a13a4d5237ba94e87179f2a316545826239effa99fc523ec5770a7",
      "configHash": "sha256:68e756df403d5f24b6c52060c79a471262a832105b100f839ca9d34259d6ad1d",
      "outputHash": "sha256:19234956a29d508535b53eff32fa5e7b9b5b3b70c93278531b34d6e760eaa1e9"
    },
    ".pi/skills/sundial-exploring/SKILL.md": {
      "templateId": "skills/exploring/SKILL.md.tmpl",
      "templateHash": "sha256:63e86f8629add006609162680fa8d074896044711d0d899047811a2fa3260471",
      "configHash": "sha256:6bf66a1c90f5a11ca8b6699522200b341b84d7e4358ad6d2bb7fa1c8da5b0808",
      "outputHash": "sha256:2149e8340dcfed8031f17758ae0967f9661491630c843bb17308457869c961a7"
    },
    ".pi/skills/sundial-orienting/SKILL.md": {
      "templateId": "skills/orienting/SKILL.md.tmpl",
      "templateHash": "sha256:b5f09a31d61f107e1532e68754e83857f3ecc82aafc64657eb999ad6b42edd70",
      "configHash": "sha256:6bf66a1c90f5a11ca8b6699522200b341b84d7e4358ad6d2bb7fa1c8da5b0808",
      "outputHash": "sha256:51160ec3da264f7e68b99b9907faf27d0e42c9ab14c97c2836baab6ba54b94fa"
    },
    ".pi/skills/sundial-proposing-adr/SKILL.md": {
      "templateId": "skills/proposing-adr/SKILL.md.tmpl",
      "templateHash": "sha256:1d08a93cb5b7386fcdc3e2f3ebb2b90efa5d119499a8d36da0c7ddea74c69d6e",
      "configHash": "sha256:a064e144bc0d4f8db4b35535cae0dabc2a785ca6c2f749bc9210446edaf49666",
      "outputHash": "sha256:c1d0cb5679567a3cd10190df0ece84b68b6c0f5e6f9575fb338e78e1b5af1a81"
    },
    ".pi/skills/sundial-refactor-coupling-audit/SKILL.md": {
      "templateId": "skills/refactor-coupling-audit/SKILL.md.tmpl",
      "templateHash": "sha256:f9ce0fb6eb53d674471c8c74d852b9db6dda511a511c3765146485de8692dc1e",
      "configHash": "sha256:0c5318b5cd850d484debc428197fbfaceaf657229d9ae42142ee207464155f56",
      "outputHash": "sha256:517c8beb83d906b2dab8a15f3d95f2c8238c149534989fa8ee574d0c9b3d58ba"
    },
    ".pi/skills/sundial-retrospective/SKILL.md": {
      "templateId": "skills/retrospective/SKILL.md.tmpl",
      "templateHash": "sha256:265b08e82ebe34675f5ed2b4f7639749f7a416e48a065376345cfc5b9d31c6df",
      "configHash": "sha256:d728bf129d89a4d8c660efcfa40c9e5bc3f8de6dada0ebcec7bbc1fcb315e41c",
      "outputHash": "sha256:83e305827c2c81bbfff8cde9ba91ecf5abd270c3e09374ce60e79b94e138410a"
    },
    ".pi/skills/sundial-reviewing-adr/SKILL.md": {
      "templateId": "skills/reviewing-adr/SKILL.md.tmpl",
      "templateHash": "sha256:0417bb92029ccbc6e98c5abf14553e244a89a7eda6740376b8c5ff27e5a306eb",
      "configHash": "sha256:6bf66a1c90f5a11ca8b6699522200b341b84d7e4358ad6d2bb7fa1c8da5b0808",
      "outputHash": "sha256:719f8503d096e05228255d3469184cc6d086c0b3de763e3120a09cbc2d0fec39"
    },
    ".pi/skills/sundial-reviewing-impl/SKILL.md": {
      "templateId": "skills/reviewing-impl/SKILL.md.tmpl",
      "templateHash": "sha256:c1e27b605a9a9b4fb87cfef33ace67a135c9ad7c491c86998f6ffe9acb14341e",
      "configHash": "sha256:68e756df403d5f24b6c52060c79a471262a832105b100f839ca9d34259d6ad1d",
      "outputHash": "sha256:8731c751ddb2da43c7c2e92f386654ee455a3459fdccff5b8c5024d017d2ddeb"
    },
    ".pi/skills/sundial-reviewing-plan-resync/SKILL.md": {
      "templateId": "skills/reviewing-plan-resync/SKILL.md.tmpl",
      "templateHash": "sha256:49504a2c657d4bf12d171ef0388dd13df122920340ae46812715512581f6fd8a",
      "configHash": "sha256:0c5318b5cd850d484debc428197fbfaceaf657229d9ae42142ee207464155f56",
      "outputHash": "sha256:d639345096827190012a35b1a9febb2188739fe5e69849708a7d73dd8dad1375"
    },
    ".pi/skills/sundial-reviewing-plan/SKILL.md": {
      "templateId": "skills/reviewing-plan/SKILL.md.tmpl",
      "templateHash": "sha256:e50a8618dedd90997c49bd9dcff407b6c82f86baac5f6616c612de725c2f6616",
      "configHash": "sha256:6bf66a1c90f5a11ca8b6699522200b341b84d7e4358ad6d2bb7fa1c8da5b0808",
      "outputHash": "sha256:0aa29cce5f6732014f9515376fed2626c96ba9da6c65d0265e5329d8a1a6c350"
    },
    ".pi/skills/sundial-roadmap-graduation/SKILL.md": {
      "templateId": "skills/roadmap-graduation/SKILL.md.tmpl",
      "templateHash": "sha256:9178f5910adce0a7472c3f972ad3b2712aecfb9ba21c50d350eed72bc1ae7850",
      "configHash": "sha256:0c5318b5cd850d484debc428197fbfaceaf657229d9ae42142ee207464155f56",
      "outputHash": "sha256:f2778e0a79d924ebc412251a0c91008eed23539d3c1ad088eb47827045dfa19f"
    },
    ".pi/skills/sundial-subagent-driven-development/SKILL.md": {
      "templateId": "skills/subagent-driven-development/SKILL.md.tmpl",
      "templateHash": "sha256:c03d0ee5f437ee7e0d31135aa032eb8ee6fa724bec631de6a6e8afb0e2b258ac",
      "configHash": "sha256:68e756df403d5f24b6c52060c79a471262a832105b100f839ca9d34259d6ad1d",
      "outputHash": "sha256:fd9557ffee8bd991c9eda68204eae109f2c3b632935e0e924f187928b0a9aeab"
    },
    ".pi/skills/sundial-tdd/SKILL.md": {
      "templateId": "skills/tdd/SKILL.md.tmpl",
      "templateHash": "sha256:03eaf3d67f16aae9cddbdbd26c38d68e4423c770099031c9b9a6f889bf32ce4c",
      "configHash": "sha256:2dfe70ab948030bec0ba1f440c13138690f2ea0731ec838a8a6e0a8077861ad5",
      "outputHash": "sha256:99950ef0da8ee4d48824ecfaf6fc1fa21a9403f9866121591d7cff24a3407898"
    },
    ".pi/skills/sundial-writing-plans/SKILL.md": {
      "templateId": "skills/writing-plans/SKILL.md.tmpl",
      "templateHash": "sha256:aa59688226574ab04607466cf3b204b6938783c6c7f4dbff97ea3e717f1384d2",
      "configHash": "sha256:68e756df403d5f24b6c52060c79a471262a832105b100f839ca9d34259d6ad1d",
      "outputHash": "sha256:ce2c0e821edc1fd9d1aa9b015392ff5da86f48c5772e1f92aeb85263e51f29fb"
    },
    "AGENTS.md": {
      "templateId": "agents-doc/AGENTS.md.tmpl",
      "templateHash": "sha256:c45321ae659b4d9af63925762edb03ce0696a034b5304d199474c7de458372e9",
      "configHash": "sha256:06efb74f057b22bed3c627ce97be2ed477121fbca402e0120402f2de26787365",
      "outputHash": "sha256:11ed51262a99570fee917e56e5886a86392d97ca17bd1822bc6f7cbd0cace8e6"
    },
    "CLAUDE.md": {
      "templateId": "claude/CLAUDE.md.tmpl",
      "templateHash": "sha256:336cc4fbf19beaada7ccf9986414fa91851a8d7a07dfb3ccbe800a69eed0ab49",
      "configHash": "sha256:e9cccb10c8b4cfc2366399a4a9c552b0ce8f1475c8235bd7d4d7a674f04c4c04",
      "outputHash": "sha256:542dc9ecd5772ae343ec014ecbb65215304245a19b89bb47ca3a5749edac816d"
    },
    "awf": {
      "templateId": "runner/awf.tmpl",
      "templateHash": "sha256:bf34dd9d70443f0901daccbca4cb0c73bf2b5a13a4a9db7c253a897c585deab3",
      "configHash": "sha256:24979f908a7651361c9c47654eba74e788a83a8b67642235a27701f144a356e7",
      "outputHash": "sha256:ce7766d508044c5dc8b31bd694f22f9ede73ceff69217687122b338ac5732e37"
    },
    "docs/agents-md-standard.md": {
      "templateId": "docs/agents-md-standard.md.tmpl",
      "templateHash": "sha256:89e9d8606253eb6fc2b5aa8274ff287fd41b47cbf6791bb79af4d303b1867843",
      "configHash": "sha256:a34d851695cd935ebe9bc297d6a169982866d690f87f01bc3f1b8cb4a0ddf4d0",
      "outputHash": "sha256:3535873ac8fa0a1818d8974ccee8af6c010910c4adcf128fbf65cf057fd6d13f"
    },
    "docs/architecture.md": {
      "templateId": "docs/architecture.md.tmpl",
      "templateHash": "sha256:20cf060974dc29a970334b0ef03e0c6cd4675ff135e87b73611e59abc8ab0dd0",
      "configHash": "sha256:6c24a2c7623eb77bf945071e9a9924d7c390307ad6dc36410d6988ca1130c731",
      "outputHash": "sha256:024f2a1d3d5b9184b08720b0b792f68ce31bb7170687ff451491fa3b57f14a35"
    },
    "docs/config-reference.md": {
      "templateId": "",
      "templateHash": "",
      "configHash": "sha256:619a4dec6900da1feb21570a9a316b719f4802bf7686ce13e6cd6114d391b3e6",
      "outputHash": "sha256:ea076162b2f887f3a48cdf5015619922857e9e99e1b2808c1c82319fd5c4a6bf",
      "regenChecked": true
    },
    "docs/debugging.md": {
      "templateId": "docs/debugging.md.tmpl",
      "templateHash": "sha256:e09a219c61c2ae22469f616db17ad3bcc028d4dd8434a19364be91ba26d53e17",
      "configHash": "sha256:7dc48a092edc6e72e5ddf8665cbdd0f0f30c6bb31f629af670714938bfc37be9",
      "outputHash": "sha256:571ffa0e6d8bdf00a7c9ae686a3c2c125280e214cd7f3339452021e2e34888b7"
    },
    "docs/decisions/INDEX.md": {
      "templateId": "",
      "templateHash": "",
      "configHash": "sha256:619a4dec6900da1feb21570a9a316b719f4802bf7686ce13e6cd6114d391b3e6",
      "outputHash": "sha256:066d78cd2732c52fc24b1e74b6494aba73b2a8bbe4780c9ae7cfd551edb3d07c",
      "regenChecked": true
    },
    "docs/decisions/README.md": {
      "templateId": "adr-readme/README.md.tmpl",
      "templateHash": "sha256:9dd14fbc31e1a6a015cbab97b29b7648cd1e13f4684e91e6cc4acb1fd6d94478",
      "configHash": "sha256:b71bc5b36c463765c145d43875252f585a48df962fbd6749274dbaed5737a168",
      "outputHash": "sha256:585b6a19a618c29acc5a605709e26d98ce20cade28fa1496c0434d015e82af75"
    },
    "docs/decisions/template.md": {
      "templateId": "adr-template/template.md.tmpl",
      "templateHash": "sha256:2e66298bf10c1c7bf913077e8460536626e9ebaed75eaf576d1c70012cd85e3a",
      "configHash": "sha256:75ec99f566290b83f62ce7c312ad41bd6283ea2622d42e0702b8102b62814f14",
      "outputHash": "sha256:daf09836a462f2b5e205cc120557fc3adfd1980cfc96205a08d965ded6f92792"
    },
    "docs/development.md": {
      "templateId": "docs/development.md.tmpl",
      "templateHash": "sha256:e99876e3d365ba66edef46749bfa80a81deb82810ccd660f00857e40bf26b108",
      "configHash": "sha256:5bc231eb7175158d1f8d43150b421d4ccfc1e398c8918d14e82ce2a91188aea4",
      "outputHash": "sha256:e115ceaad806f86737b3e26cf09f0bd0f015aa6d41500d454e7892e0598efa5e"
    },
    "docs/doc-standard.md": {
      "templateId": "docs/doc-standard.md.tmpl",
      "templateHash": "sha256:ec3d36b364d35781ef506c193840ccee837c116fea5a1b34567d160e12a4f5b9",
      "configHash": "sha256:3c76d2d8f2ed4aceb84a6618573329dbb6f665880ce7b80ad8827e95582d0f42",
      "outputHash": "sha256:3f655ff65ac952a3271fa4313a70370526a02d75218ab850b4e2899d8d25ad6a"
    },
    "docs/domains/almanac.md": {
      "templateId": "",
      "templateHash": "",
      "configHash": "sha256:619a4dec6900da1feb21570a9a316b719f4802bf7686ce13e6cd6114d391b3e6",
      "outputHash": "sha256:92a3da3652e224a6b142b8c0ecdc1e0f1c4286fc5b6536d7dbe772d6a5fff2ee",
      "regenChecked": true
    },
    "docs/domains/cli.md": {
      "templateId": "",
      "templateHash": "",
      "configHash": "sha256:619a4dec6900da1feb21570a9a316b719f4802bf7686ce13e6cd6114d391b3e6",
      "outputHash": "sha256:fc8714a0158a32f03733e3d39074611033c54397b92e86afc186cfa910b8b534",
      "regenChecked": true
    },
    "docs/glossary.md": {
      "templateId": "docs/glossary.md.tmpl",
      "templateHash": "sha256:dc751686b557a6bde2147cb6be97788269a3c375bfa64f3eebf5c0e08dc0bb45",
      "configHash": "sha256:d57885860bfaa5bb812a95cf1423fc4f38ab149c6d15e6feb900d149d8030c02",
      "outputHash": "sha256:9215a2b406c61042fb82436c4967c1848fa6e6c7e30ed8abe38950e7ffc5ec47"
    },
    "docs/maintainable-code-design.md": {
      "templateId": "docs/maintainable-code-design.md.tmpl",
      "templateHash": "sha256:6012c0952bf6f5dc6ad4184c21d5a8a2f1ef6b4a4c690d22dfa839b7b1d85d93",
      "configHash": "sha256:791d1dd578f34e347a9f29eb65ae6814b7e95bc8be656e935e15b9839faa8155",
      "outputHash": "sha256:508db2dad0cef5bd2eb28b6404867ed4195fa2d87ffa424dfb0c46c826a74a16"
    },
    "docs/pitfalls.md": {
      "templateId": "docs/pitfalls.md.tmpl",
      "templateHash": "sha256:ae7cad75f724728d7dcc6b042f4786cc2f199c4904223ee0c8bcc43914e870af",
      "configHash": "sha256:ca780959d849cd577e75eb902463d813e62470d35adab159f22e36b0c25499ea",
      "outputHash": "sha256:12cfd6c8265904510e33898e07117014516a6c1a71e895cd1069c5abf321aa10"
    },
    "docs/plans/README.md": {
      "templateId": "plans-readme/README.md.tmpl",
      "templateHash": "sha256:ec2c296d2e54aba874eab4afcfa88882e2030f0f8755359b4745e8db7b4a7c4a",
      "configHash": "sha256:4830f8b6e7bfec83f22c767db8387ea7faf0f071324c41fc87fb2e28b460fdae",
      "outputHash": "sha256:7b1349881fa9829d33b4b7cb2cd665bd31b1c845fc6a7dd38c772820c3a3c1c3"
    },
    "docs/plans/template.md": {
      "templateId": "plans-template/template.md.tmpl",
      "templateHash": "sha256:1ed7172fcd84be01877aa178b44fdfc6dbc861ab1d589358292ab9d3ed157bdf",
      "configHash": "sha256:c693d80add35e2399c711961f46559af9a4b8fee8ddb704a5b9c6c647556c37b",
      "outputHash": "sha256:73378a44433893ba186ba1099b06b9711a3205c31256faea457571044731b1fa"
    },
    "docs/roadmap.md": {
      "templateId": "docs/roadmap.md.tmpl",
      "templateHash": "sha256:26c7896fbc808c909083ceedc048ea5706a9252d32642d031bd816d7ef1cd511",
      "configHash": "sha256:cd22b97f83bd39f8d946acfda1b8a6fae46adaec5b6fcd63a4345e872c48ea9d",
      "outputHash": "sha256:52a876dd3a6288017ce6e75171df94e80d7b51f63cfbb92af4162c987f65130e"
    },
    "docs/testing.md": {
      "templateId": "docs/testing.md.tmpl",
      "templateHash": "sha256:ea2b7fe392c4517ac58023e825bf795a64cdb735d3c7036aa9eef13ab0261f43",
      "configHash": "sha256:0241a011b96325806c6abbdf10cb2a5e53d0b78b80da0618b5baea4ed9351d5d",
      "outputHash": "sha256:c06e2db51bd652cb652fb49499e835301bfb4607091fe6c21ba8ce99f352077a"
    },
    "docs/topics/almanac/index.md": {
      "templateId": "topics/index.md.tmpl",
      "templateHash": "sha256:58a9398b187ea9c7c2c3321299b70f8e6faf3f06778c44e6a2232224f3481ab1",
      "configHash": "sha256:a64eae3085ec952603a9d0b6d03b422bcb4d19930c4f9972a2684d183f9324b2",
      "outputHash": "sha256:a6efafc8bfc8670767ab5a4edd8fe67ddd9104b1bc6ead09fa79126e23bdb748"
    },
    "docs/topics/almanac/model.md": {
      "templateId": "topics/topic.md.tmpl",
      "templateHash": "sha256:25b4ec23c7a22667f9d78b1e5883af8702d82f67896c3a42ac0ad19032d7c7bb",
      "configHash": "sha256:2482ec2654840852640d9b5603be0be02ec7efddd65b33d5f4b93246601229a0",
      "outputHash": "sha256:241b62d8a46285c76412c574a6f1cc296097b301b6f17bde4bb6ed65562e5312"
    },
    "docs/topics/cli/index.md": {
      "templateId": "topics/index.md.tmpl",
      "templateHash": "sha256:58a9398b187ea9c7c2c3321299b70f8e6faf3f06778c44e6a2232224f3481ab1",
      "configHash": "sha256:6a05bed37584076566ff03ceae1322b771a3446c20e4edc884cda1d25e8e4e81",
      "outputHash": "sha256:2a6f3ddcf9aa3e9a6ff7595ee51ffb94027e1327c1fbd761273b3ec5313ee639"
    },
    "docs/topics/cli/interface.md": {
      "templateId": "topics/topic.md.tmpl",
      "templateHash": "sha256:25b4ec23c7a22667f9d78b1e5883af8702d82f67896c3a42ac0ad19032d7c7bb",
      "configHash": "sha256:789967466b05ff82019e4c22b5931f48617ea3cdf9eb44a5d36b907a6ee6dffb",
      "outputHash": "sha256:bfebaafe6f0e1079f7b78410b179c0081357b4cc5bf282724c62babc43872073"
    },
    "docs/workflow.md": {
      "templateId": "docs/workflow.md.tmpl",
      "templateHash": "sha256:5ddaad9298aa32500876d7c72a5fb1f5c2770d311dd9f1bb155e5f24bf128ad3",
      "configHash": "sha256:e943d8e863297d63dc212e72a05c847f20c631d77fd5c7ea71a9ba1f146e2f2b",
      "outputHash": "sha256:9860269b4cbbbf53873cdead140a75a03d7ff0c65ec885c1ed4a06c50cf61da3"
    },
    "docs/working-with-awf.md": {
      "templateId": "docs/working-with-awf.md.tmpl",
      "templateHash": "sha256:645c88106aae4db1e28314f59f221b1fb86fb52aa6c79a7a7682f259a922e381",
      "configHash": "sha256:ef8342ab0ac6b40eeff56fcbb3f03ff792367e222551f73f137c9eb2a7b8d3c2",
      "outputHash": "sha256:b590d8843fdd978f55246eba1ac939c3576585bc3cb1c2cad224a862ced68177"
    }
  }
}
